// !$*UTF8*$!
{
	archiveVersion = 1;
	classes = {
	};
	objectVersion = 50;
	objects = {

/* Begin PBXBuildFile section */
		075301E423A7AE390048D633 /* main.cpp in Sources */ = {isa = PBXBuildFile; fileRef = 0753014123A7AE390048D633 /* main.cpp */; };
		076DADAE23B293D700B3FF46 /* main.swift in Sources */ = {isa = PBXBuildFile; fileRef = 076DADAD23B293D700B3FF46 /* main.swift */; };
/* End PBXBuildFile section */

/* Begin PBXCopyFilesBuildPhase section */
		075030A0234DC31B00B42981 /* CopyFiles */ = {
			isa = PBXCopyFilesBuildPhase;
			buildActionMask = 2147483647;
			dstPath = /usr/share/man/man1/;
			dstSubfolderSpec = 0;
			files = (
			);
			runOnlyForDeploymentPostprocessing = 1;
		};
/* End PBXCopyFilesBuildPhase section */

/* Begin PBXFileReference section */
		0753014123A7AE390048D633 /* main.cpp */ = {isa = PBXFileReference; fileEncoding = 4; lastKnownFileType = sourcecode.cpp.cpp; name = main.cpp; path = PGProblemSolving/main.cpp; sourceTree = "<group>"; };
		0753014423A7AE390048D633 /* PGProblemSolving-Bridging-Header.h */ = {isa = PBXFileReference; fileEncoding = 4; lastKnownFileType = sourcecode.c.h; name = "PGProblemSolving-Bridging-Header.h"; path = "PGProblemSolving/PGProblemSolving-Bridging-Header.h"; sourceTree = "<group>"; };
		075301ED23A7AFE00048D633 /* PGProblemSolving */ = {isa = PBXFileReference; explicitFileType = "compiled.mach-o.executable"; includeInIndex = 0; path = PGProblemSolving; sourceTree = BUILT_PRODUCTS_DIR; };
		076DADAD23B293D700B3FF46 /* main.swift */ = {isa = PBXFileReference; lastKnownFileType = sourcecode.swift; path = main.swift; sourceTree = "<group>"; };
		0777A89B241A8CDD009FB9AA /* SQL */ = {isa = PBXFileReference; lastKnownFileType = folder; name = SQL; path = PGProblemSolving/SQL; sourceTree = "<group>"; };
		0777A8AF241BB787009FB9AA /* Graph */ = {isa = PBXFileReference; lastKnownFileType = folder; name = Graph; path = PGProblemSolving/Graph; sourceTree = "<group>"; };
		0777A8B0241BB787009FB9AA /* Hash */ = {isa = PBXFileReference; lastKnownFileType = folder; name = Hash; path = PGProblemSolving/Hash; sourceTree = "<group>"; };
		0777A8B1241BB787009FB9AA /* Greedy */ = {isa = PBXFileReference; lastKnownFileType = folder; name = Greedy; path = PGProblemSolving/Greedy; sourceTree = "<group>"; };
		0777A8B3241BB787009FB9AA /* DP */ = {isa = PBXFileReference; lastKnownFileType = folder; name = DP; path = PGProblemSolving/DP; sourceTree = "<group>"; };
		0777A8B4241BB787009FB9AA /* String */ = {isa = PBXFileReference; lastKnownFileType = folder; name = String; path = PGProblemSolving/String; sourceTree = "<group>"; };
		0777A8B5241BB787009FB9AA /* Mathematics */ = {isa = PBXFileReference; lastKnownFileType = folder; name = Mathematics; path = PGProblemSolving/Mathematics; sourceTree = "<group>"; };
		0777A8B6241BB787009FB9AA /* Set */ = {isa = PBXFileReference; lastKnownFileType = folder; name = Set; path = PGProblemSolving/Set; sourceTree = "<group>"; };
		0777A8B7241BB787009FB9AA /* Seaching */ = {isa = PBXFileReference; lastKnownFileType = folder; name = Seaching; path = PGProblemSolving/Seaching; sourceTree = "<group>"; };
		0777A8B8241BB787009FB9AA /* Searching */ = {isa = PBXFileReference; lastKnownFileType = folder; name = Searching; path = PGProblemSolving/Searching; sourceTree = "<group>"; };
		0777A8B9241BB787009FB9AA /* Stack,Queue */ = {isa = PBXFileReference; lastKnownFileType = folder; name = "Stack,Queue"; path = "PGProblemSolving/Stack,Queue"; sourceTree = "<group>"; };
		0777A8BA241BB787009FB9AA /* Sorting */ = {isa = PBXFileReference; lastKnownFileType = folder; name = Sorting; path = PGProblemSolving/Sorting; sourceTree = "<group>"; };
		0777A8BB241BB787009FB9AA /* KakaoExam */ = {isa = PBXFileReference; lastKnownFileType = folder; name = KakaoExam; path = PGProblemSolving/KakaoExam; sourceTree = "<group>"; };
		0777A8BC241BB787009FB9AA /* Heap */ = {isa = PBXFileReference; lastKnownFileType = folder; name = Heap; path = PGProblemSolving/Heap; sourceTree = "<group>"; };
		0794EBDB25164EDD00EA8B35 /* 기초문제 */ = {isa = PBXFileReference; lastKnownFileType = folder; name = "기초문제"; path = "PGProblemSolving/기초문제"; sourceTree = "<group>"; };
/* End PBXFileReference section */

/* Begin PBXFrameworksBuildPhase section */
		0750309F234DC31B00B42981 /* Frameworks */ = {
			isa = PBXFrameworksBuildPhase;
			buildActionMask = 2147483647;
			files = (
			);
			runOnlyForDeploymentPostprocessing = 0;
		};
/* End PBXFrameworksBuildPhase section */

/* Begin PBXGroup section */
		07503099234DC31B00B42981 = {
			isa = PBXGroup;
			children = (
				0753014423A7AE390048D633 /* PGProblemSolving-Bridging-Header.h */,
				0794EBDB25164EDD00EA8B35 /* 기초문제 */,
				0777A8B3241BB787009FB9AA /* DP */,
				0777A8AF241BB787009FB9AA /* Graph */,
				0777A8B1241BB787009FB9AA /* Greedy */,
				0777A8B0241BB787009FB9AA /* Hash */,
				0777A8BC241BB787009FB9AA /* Heap */,
				0777A8BB241BB787009FB9AA /* KakaoExam */,
				0777A8B5241BB787009FB9AA /* Mathematics */,
				0777A8B7241BB787009FB9AA /* Seaching */,
				0777A8B8241BB787009FB9AA /* Searching */,
				0777A8B6241BB787009FB9AA /* Set */,
				0777A8BA241BB787009FB9AA /* Sorting */,
				0777A8B9241BB787009FB9AA /* Stack,Queue */,
				0777A8B4241BB787009FB9AA /* String */,
				0777A89B241A8CDD009FB9AA /* SQL */,
				0753014123A7AE390048D633 /* main.cpp */,
				076DADAD23B293D700B3FF46 /* main.swift */,
				075301ED23A7AFE00048D633 /* PGProblemSolving */,
			);
			sourceTree = "<group>";
		};
/* End PBXGroup section */

/* Begin PBXNativeTarget section */
		075030A1234DC31B00B42981 /* PGProblemSolving */ = {
			isa = PBXNativeTarget;
			buildConfigurationList = 075030A9234DC31B00B42981 /* Build configuration list for PBXNativeTarget "PGProblemSolving" */;
			buildPhases = (
				0750309E234DC31B00B42981 /* Sources */,
				0750309F234DC31B00B42981 /* Frameworks */,
				075030A0234DC31B00B42981 /* CopyFiles */,
			);
			buildRules = (
			);
			dependencies = (
			);
			name = PGProblemSolving;
			productName = PGProblemSolving;
			productReference = 075301ED23A7AFE00048D633 /* PGProblemSolving */;
			productType = "com.apple.product-type.tool";
		};
/* End PBXNativeTarget section */

/* Begin PBXProject section */
		0750309A234DC31B00B42981 /* Project object */ = {
			isa = PBXProject;
			attributes = {
				LastSwiftUpdateCheck = 1110;
				LastUpgradeCheck = 1120;
				ORGANIZATIONNAME = MinKyeongTae;
				TargetAttributes = {
					075030A1234DC31B00B42981 = {
						CreatedOnToolsVersion = 11.1;
						LastSwiftMigration = 1110;
					};
				};
			};
			buildConfigurationList = 0750309D234DC31B00B42981 /* Build configuration list for PBXProject "PGProblemSolving" */;
			compatibilityVersion = "Xcode 9.3";
			developmentRegion = en;
			hasScannedForEncodings = 0;
			knownRegions = (
				en,
				Base,
			);
			mainGroup = 07503099234DC31B00B42981;
			productRefGroup = 07503099234DC31B00B42981;
			projectDirPath = "";
			projectRoot = "";
			targets = (
				075030A1234DC31B00B42981 /* PGProblemSolving */,
			);
		};
/* End PBXProject section */

/* Begin PBXSourcesBuildPhase section */
		0750309E234DC31B00B42981 /* Sources */ = {
			isa = PBXSourcesBuildPhase;
			buildActionMask = 2147483647;
			files = (
				076DADAE23B293D700B3FF46 /* main.swift in Sources */,
				075301E423A7AE390048D633 /* main.cpp in Sources */,
			);
			runOnlyForDeploymentPostprocessing = 0;
		};
/* End PBXSourcesBuildPhase section */

/* Begin XCBuildConfiguration section */
		075030A7234DC31B00B42981 /* Debug */ = {
			isa = XCBuildConfiguration;
			buildSettings = {
				ALWAYS_SEARCH_USER_PATHS = NO;
				CLANG_ANALYZER_NONNULL = YES;
				CLANG_ANALYZER_NUMBER_OBJECT_CONVERSION = YES_AGGRESSIVE;
				CLANG_CXX_LANGUAGE_STANDARD = "gnu++14";
				CLANG_CXX_LIBRARY = "libc++";
				CLANG_ENABLE_MODULES = YES;
				CLANG_ENABLE_OBJC_ARC = YES;
				CLANG_ENABLE_OBJC_WEAK = YES;
				CLANG_WARN_BLOCK_CAPTURE_AUTORELEASING = YES;
				CLANG_WARN_BOOL_CONVERSION = YES;
				CLANG_WARN_COMMA = YES;
				CLANG_WARN_CONSTANT_CONVERSION = YES;
				CLANG_WARN_DEPRECATED_OBJC_IMPLEMENTATIONS = YES;
				CLANG_WARN_DIRECT_OBJC_ISA_USAGE = YES_ERROR;
				CLANG_WARN_DOCUMENTATION_COMMENTS = YES;
				CLANG_WARN_EMPTY_BODY = YES;
				CLANG_WARN_ENUM_CONVERSION = YES;
				CLANG_WARN_INFINITE_RECURSION = YES;
				CLANG_WARN_INT_CONVERSION = YES;
				CLANG_WARN_NON_LITERAL_NULL_CONVERSION = YES;
				CLANG_WARN_OBJC_IMPLICIT_RETAIN_SELF = YES;
				CLANG_WARN_OBJC_LITERAL_CONVERSION = YES;
				CLANG_WARN_OBJC_ROOT_CLASS = YES_ERROR;
				CLANG_WARN_RANGE_LOOP_ANALYSIS = YES;
				CLANG_WARN_STRICT_PROTOTYPES = YES;
				CLANG_WARN_SUSPICIOUS_MOVE = YES;
				CLANG_WARN_UNGUARDED_AVAILABILITY = YES_AGGRESSIVE;
				CLANG_WARN_UNREACHABLE_CODE = YES;
				CLANG_WARN__DUPLICATE_METHOD_MATCH = YES;
				COPY_PHASE_STRIP = NO;
				DEBUG_INFORMATION_FORMAT = dwarf;
				ENABLE_STRICT_OBJC_MSGSEND = YES;
				ENABLE_TESTABILITY = YES;
				GCC_C_LANGUAGE_STANDARD = gnu11;
				GCC_DYNAMIC_NO_PIC = NO;
				GCC_NO_COMMON_BLOCKS = YES;
				GCC_OPTIMIZATION_LEVEL = 0;
				GCC_PREPROCESSOR_DEFINITIONS = (
					"DEBUG=1",
					"$(inherited)",
				);
				GCC_WARN_64_TO_32_BIT_CONVERSION = YES;
				GCC_WARN_ABOUT_RETURN_TYPE = YES_ERROR;
				GCC_WARN_UNDECLARED_SELECTOR = YES;
				GCC_WARN_UNINITIALIZED_AUTOS = YES_AGGRESSIVE;
				GCC_WARN_UNUSED_FUNCTION = YES;
				GCC_WARN_UNUSED_VARIABLE = YES;
				MACOSX_DEPLOYMENT_TARGET = 10.14;
				MTL_ENABLE_DEBUG_INFO = INCLUDE_SOURCE;
				MTL_FAST_MATH = YES;
				ONLY_ACTIVE_ARCH = YES;
				SDKROOT = macosx;
				SWIFT_ACTIVE_COMPILATION_CONDITIONS = DEBUG;
				SWIFT_OPTIMIZATION_LEVEL = "-Onone";
			};
			name = Debug;
		};
		075030A8234DC31B00B42981 /* Release */ = {
			isa = XCBuildConfiguration;
			buildSettings = {
				ALWAYS_SEARCH_USER_PATHS = NO;
				CLANG_ANALYZER_NONNULL = YES;
				CLANG_ANALYZER_NUMBER_OBJECT_CONVERSION = YES_AGGRESSIVE;
				CLANG_CXX_LANGUAGE_STANDARD = "gnu++14";
				CLANG_CXX_LIBRARY = "libc++";
				CLANG_ENABLE_MODULES = YES;
				CLANG_ENABLE_OBJC_ARC = YES;
				CLANG_ENABLE_OBJC_WEAK = YES;
				CLANG_WARN_BLOCK_CAPTURE_AUTORELEASING = YES;
				CLANG_WARN_BOOL_CONVERSION = YES;
				CLANG_WARN_COMMA = YES;
				CLANG_WARN_CONSTANT_CONVERSION = YES;
				CLANG_WARN_DEPRECATED_OBJC_IMPLEMENTATIONS = YES;
				CLANG_WARN_DIRECT_OBJC_ISA_USAGE = YES_ERROR;
				CLANG_WARN_DOCUMENTATION_COMMENTS = YES;
				CLANG_WARN_EMPTY_BODY = YES;
				CLANG_WARN_ENUM_CONVERSION = YES;
				CLANG_WARN_INFINITE_RECURSION = YES;
				CLANG_WARN_INT_CONVERSION = YES;
				CLANG_WARN_NON_LITERAL_NULL_CONVERSION = YES;
				CLANG_WARN_OBJC_IMPLICIT_RETAIN_SELF = YES;
				CLANG_WARN_OBJC_LITERAL_CONVERSION = YES;
				CLANG_WARN_OBJC_ROOT_CLASS = YES_ERROR;
				CLANG_WARN_RANGE_LOOP_ANALYSIS = YES;
				CLANG_WARN_STRICT_PROTOTYPES = YES;
				CLANG_WARN_SUSPICIOUS_MOVE = YES;
				CLANG_WARN_UNGUARDED_AVAILABILITY = YES_AGGRESSIVE;
				CLANG_WARN_UNREACHABLE_CODE = YES;
				CLANG_WARN__DUPLICATE_METHOD_MATCH = YES;
				COPY_PHASE_STRIP = NO;
				DEBUG_INFORMATION_FORMAT = "dwarf-with-dsym";
				ENABLE_NS_ASSERTIONS = NO;
				ENABLE_STRICT_OBJC_MSGSEND = YES;
				GCC_C_LANGUAGE_STANDARD = gnu11;
				GCC_NO_COMMON_BLOCKS = YES;
				GCC_WARN_64_TO_32_BIT_CONVERSION = YES;
				GCC_WARN_ABOUT_RETURN_TYPE = YES_ERROR;
				GCC_WARN_UNDECLARED_SELECTOR = YES;
				GCC_WARN_UNINITIALIZED_AUTOS = YES_AGGRESSIVE;
				GCC_WARN_UNUSED_FUNCTION = YES;
				GCC_WARN_UNUSED_VARIABLE = YES;
				MACOSX_DEPLOYMENT_TARGET = 10.14;
				MTL_ENABLE_DEBUG_INFO = NO;
				MTL_FAST_MATH = YES;
				SDKROOT = macosx;
				SWIFT_COMPILATION_MODE = wholemodule;
				SWIFT_OPTIMIZATION_LEVEL = "-O";
			};
			name = Release;
		};
		075030AA234DC31B00B42981 /* Debug */ = {
			isa = XCBuildConfiguration;
			buildSettings = {
				CLANG_ENABLE_MODULES = YES;
				CODE_SIGN_IDENTITY = "-";
				CODE_SIGN_STYLE = Automatic;
				DEVELOPMENT_TEAM = NF9G85TZ2T;
				ENABLE_HARDENED_RUNTIME = YES;
				LD_RUNPATH_SEARCH_PATHS = (
					"$(inherited)",
					"@executable_path/../Frameworks",
					"@loader_path/../Frameworks",
				);
				PRODUCT_NAME = "$(TARGET_NAME)";
				SWIFT_OBJC_BRIDGING_HEADER = "PGProblemSolving/PGProblemSolving-Bridging-Header.h";
				SWIFT_OPTIMIZATION_LEVEL = "-Onone";
				SWIFT_VERSION = 5.0;
			};
			name = Debug;
		};
		075030AB234DC31B00B42981 /* Release */ = {
			isa = XCBuildConfiguration;
			buildSettings = {
				CLANG_ENABLE_MODULES = YES;
				CODE_SIGN_IDENTITY = "-";
				CODE_SIGN_STYLE = Automatic;
				DEVELOPMENT_TEAM = NF9G85TZ2T;
				ENABLE_HARDENED_RUNTIME = YES;
				LD_RUNPATH_SEARCH_PATHS = (
					"$(inherited)",
					"@executable_path/../Frameworks",
					"@loader_path/../Frameworks",
				);
				PRODUCT_NAME = "$(TARGET_NAME)";
				SWIFT_OBJC_BRIDGING_HEADER = "PGProblemSolving/PGProblemSolving-Bridging-Header.h";
				SWIFT_VERSION = 5.0;
			};
			name = Release;
		};
/* End XCBuildConfiguration section */

/* Begin XCConfigurationList section */
		0750309D234DC31B00B42981 /* Build configuration list for PBXProject "PGProblemSolving" */ = {
			isa = XCConfigurationList;
			buildConfigurations = (
				075030A7234DC31B00B42981 /* Debug */,
				075030A8234DC31B00B42981 /* Release */,
			);
			defaultConfigurationIsVisible = 0;
			defaultConfigurationName = Release;
		};
		075030A9234DC31B00B42981 /* Build configuration list for PBXNativeTarget "PGProblemSolving" */ = {
			isa = XCConfigurationList;
			buildConfigurations = (
				075030AA234DC31B00B42981 /* Debug */,
				075030AB234DC31B00B42981 /* Release */,
			);
			defaultConfigurationIsVisible = 0;
			defaultConfigurationName = Release;
		};
/* End XCConfigurationList section */
	};
	rootObject = 0750309A234DC31B00B42981 /* Project object */;
}
