// !$*UTF8*$!
{
	archiveVersion = 1;
	classes = {
	};
	objectVersion = 50;
	objects = {

/* Begin PBXBuildFile section */
		0753014D23A7AE390048D633 /* 모의고사.cpp in Sources */ = {isa = PBXBuildFile; fileRef = 0753009A23A7AE380048D633 /* 모의고사.cpp */; };
		0753014E23A7AE390048D633 /* 완주하지못한선수.cpp in Sources */ = {isa = PBXBuildFile; fileRef = 0753009B23A7AE380048D633 /* 완주하지못한선수.cpp */; };
		0753014F23A7AE390048D633 /* 문자열 내 p와 y의 개수.swift in Sources */ = {isa = PBXBuildFile; fileRef = 0753009C23A7AE380048D633 /* 문자열 내 p와 y의 개수.swift */; };
		0753015023A7AE390048D633 /* 약수의합.swift in Sources */ = {isa = PBXBuildFile; fileRef = 0753009D23A7AE380048D633 /* 약수의합.swift */; };
		0753015123A7AE390048D633 /* 체육복.cpp in Sources */ = {isa = PBXBuildFile; fileRef = 0753009E23A7AE380048D633 /* 체육복.cpp */; };
		0753015223A7AE390048D633 /* 정수내림차순으로배치하기_12933_Lv1.swift in Sources */ = {isa = PBXBuildFile; fileRef = 0753009F23A7AE380048D633 /* 정수내림차순으로배치하기_12933_Lv1.swift */; };
		0753015323A7AE390048D633 /* K번째수.swift in Sources */ = {isa = PBXBuildFile; fileRef = 075300A023A7AE380048D633 /* K번째수.swift */; };
		0753015423A7AE390048D633 /* 소수찾기_Lv1.swift in Sources */ = {isa = PBXBuildFile; fileRef = 075300A123A7AE380048D633 /* 소수찾기_Lv1.swift */; };
		0753015523A7AE390048D633 /* 내림차순으로 정렬하기.swift in Sources */ = {isa = PBXBuildFile; fileRef = 075300A223A7AE380048D633 /* 내림차순으로 정렬하기.swift */; };
		0753015623A7AE390048D633 /* 최소공배수와최대공약수_Lv1.cpp in Sources */ = {isa = PBXBuildFile; fileRef = 075300A323A7AE380048D633 /* 최소공배수와최대공약수_Lv1.cpp */; };
		0753015723A7AE390048D633 /* 최댓값과최솟값_12939.cpp in Sources */ = {isa = PBXBuildFile; fileRef = 075300A423A7AE380048D633 /* 최댓값과최솟값_12939.cpp */; };
		0753015823A7AE390048D633 /* 약수의합.cpp in Sources */ = {isa = PBXBuildFile; fileRef = 075300A523A7AE380048D633 /* 약수의합.cpp */; };
		0753015923A7AE390048D633 /* 시저암호.swift in Sources */ = {isa = PBXBuildFile; fileRef = 075300A623A7AE380048D633 /* 시저암호.swift */; };
		0753015A23A7AE390048D633 /* 가운데글자가져오기.swift in Sources */ = {isa = PBXBuildFile; fileRef = 075300A723A7AE380048D633 /* 가운데글자가져오기.swift */; };
		0753015B23A7AE390048D633 /* 최댓값과최솟값_Lv2.cpp in Sources */ = {isa = PBXBuildFile; fileRef = 075300A823A7AE380048D633 /* 최댓값과최솟값_Lv2.cpp */; };
		0753015C23A7AE390048D633 /* 자릿수더하기.swift in Sources */ = {isa = PBXBuildFile; fileRef = 075300A923A7AE380048D633 /* 자릿수더하기.swift */; };
		0753015D23A7AE390048D633 /* 최소공배수와최대공약수_Lv1.swift in Sources */ = {isa = PBXBuildFile; fileRef = 075300AA23A7AE380048D633 /* 최소공배수와최대공약수_Lv1.swift */; };
		0753015E23A7AE390048D633 /* x만큼간격이있는n개의숫자.swift in Sources */ = {isa = PBXBuildFile; fileRef = 075300AB23A7AE380048D633 /* x만큼간격이있는n개의숫자.swift */; };
		0753015F23A7AE390048D633 /* 체육복.swift in Sources */ = {isa = PBXBuildFile; fileRef = 075300AC23A7AE380048D633 /* 체육복.swift */; };
		0753016023A7AE390048D633 /* 문자열 다루기 기본(조건 체크).swift in Sources */ = {isa = PBXBuildFile; fileRef = 075300AD23A7AE380048D633 /* 문자열 다루기 기본(조건 체크).swift */; };
		0753016123A7AE390048D633 /* 하샤드수.swift in Sources */ = {isa = PBXBuildFile; fileRef = 075300AE23A7AE380048D633 /* 하샤드수.swift */; };
		0753016223A7AE390048D633 /* 정사각형별찍기_12969_Lv1.swift in Sources */ = {isa = PBXBuildFile; fileRef = 075300AF23A7AE380048D633 /* 정사각형별찍기_12969_Lv1.swift */; };
		0753016323A7AE390048D633 /* 콜라츠추측_12943_Lv1.swift in Sources */ = {isa = PBXBuildFile; fileRef = 075300B023A7AE380048D633 /* 콜라츠추측_12943_Lv1.swift */; };
		0753016423A7AE390048D633 /* 행렬의덧셈_Lv1.cpp in Sources */ = {isa = PBXBuildFile; fileRef = 075300B123A7AE380048D633 /* 행렬의덧셈_Lv1.cpp */; };
		0753016523A7AE390048D633 /* 문자열을정수로바꾸기.swift in Sources */ = {isa = PBXBuildFile; fileRef = 075300B223A7AE380048D633 /* 문자열을정수로바꾸기.swift */; };
		0753016623A7AE390048D633 /* 서울에서김서방찾기.swift in Sources */ = {isa = PBXBuildFile; fileRef = 075300B323A7AE380048D633 /* 서울에서김서방찾기.swift */; };
		0753016723A7AE390048D633 /* 최댓값과최솟값_Lv2.swift in Sources */ = {isa = PBXBuildFile; fileRef = 075300B423A7AE380048D633 /* 최댓값과최솟값_Lv2.swift */; };
		0753016823A7AE390048D633 /* 자릿수더하기.cpp in Sources */ = {isa = PBXBuildFile; fileRef = 075300B523A7AE380048D633 /* 자릿수더하기.cpp */; };
		0753016923A7AE390048D633 /* 직사각형그리기.cpp in Sources */ = {isa = PBXBuildFile; fileRef = 075300B623A7AE380048D633 /* 직사각형그리기.cpp */; };
		0753016A23A7AE390048D633 /* 예산.swift in Sources */ = {isa = PBXBuildFile; fileRef = 075300B723A7AE380048D633 /* 예산.swift */; };
		0753016B23A7AE390048D633 /* K번째수.cpp in Sources */ = {isa = PBXBuildFile; fileRef = 075300B823A7AE380048D633 /* K번째수.cpp */; };
		0753016C23A7AE390048D633 /* 실패율_42889_Kakao_Lv1.cpp in Sources */ = {isa = PBXBuildFile; fileRef = 075300B923A7AE380048D633 /* 실패율_42889_Kakao_Lv1.cpp */; };
		0753016D23A7AE390048D633 /* 행렬의덧셈_Lv1.swift in Sources */ = {isa = PBXBuildFile; fileRef = 075300BA23A7AE380048D633 /* 행렬의덧셈_Lv1.swift */; };
		0753016E23A7AE390048D633 /* 직사각형그리기.swift in Sources */ = {isa = PBXBuildFile; fileRef = 075300BB23A7AE380048D633 /* 직사각형그리기.swift */; };
		0753016F23A7AE390048D633 /* 124나라의숫자.cpp in Sources */ = {isa = PBXBuildFile; fileRef = 075300BC23A7AE380048D633 /* 124나라의숫자.cpp */; };
		0753017023A7AE390048D633 /* 체육복(old).cpp in Sources */ = {isa = PBXBuildFile; fileRef = 075300BD23A7AE380048D633 /* 체육복(old).cpp */; };
		0753017123A7AE390048D633 /* 빠진직사각형점찾기.cpp in Sources */ = {isa = PBXBuildFile; fileRef = 075300BE23A7AE380048D633 /* 빠진직사각형점찾기.cpp */; };
		0753017223A7AE390048D633 /* 모의고사.swift in Sources */ = {isa = PBXBuildFile; fileRef = 075300BF23A7AE380048D633 /* 모의고사.swift */; };
		0753017323A7AE390048D633 /* 두 정수 사이의 합.swift in Sources */ = {isa = PBXBuildFile; fileRef = 075300C023A7AE380048D633 /* 두 정수 사이의 합.swift */; };
		0753017423A7AE390048D633 /* 문자열_내마음대로_정렬하기.swift in Sources */ = {isa = PBXBuildFile; fileRef = 075300C123A7AE380048D633 /* 문자열_내마음대로_정렬하기.swift */; };
		0753017523A7AE390048D633 /* 더맵게_42626.cpp in Sources */ = {isa = PBXBuildFile; fileRef = 075300C323A7AE380048D633 /* 더맵게_42626.cpp */; };
		0753017623A7AE390048D633 /* 야근지수_12927_Lv3.cpp in Sources */ = {isa = PBXBuildFile; fileRef = 075300C423A7AE380048D633 /* 야근지수_12927_Lv3.cpp */; };
		0753017723A7AE390048D633 /* 이중우선순위큐_42628_Lv3.cpp in Sources */ = {isa = PBXBuildFile; fileRef = 075300C523A7AE380048D633 /* 이중우선순위큐_42628_Lv3.cpp */; };
		0753017823A7AE390048D633 /* 가장긴팰린드롬_12904_Lv3.swift in Sources */ = {isa = PBXBuildFile; fileRef = 075300C723A7AE390048D633 /* 가장긴팰린드롬_12904_Lv3.swift */; };
		0753017923A7AE390048D633 /* 단체사진찍기_1835_Kakao_Lv2.cpp in Sources */ = {isa = PBXBuildFile; fileRef = 075300C823A7AE390048D633 /* 단체사진찍기_1835_Kakao_Lv2.cpp */; };
		0753017A23A7AE390048D633 /* 가장긴팰린드롬_12904_Lv3.cpp in Sources */ = {isa = PBXBuildFile; fileRef = 075300C923A7AE390048D633 /* 가장긴팰린드롬_12904_Lv3.cpp */; };
		0753017B23A7AE390048D633 /* 뉴스클러스터링_Kakao_Lv2.cpp in Sources */ = {isa = PBXBuildFile; fileRef = 075300CA23A7AE390048D633 /* 뉴스클러스터링_Kakao_Lv2.cpp */; };
		0753017C23A7AE390048D633 /* 파일명정렬_17686_Kakao_Lv2.cpp in Sources */ = {isa = PBXBuildFile; fileRef = 075300CB23A7AE390048D633 /* 파일명정렬_17686_Kakao_Lv2.cpp */; };
		0753017D23A7AE390048D633 /* 방금그곡_17683_Lv2.cpp in Sources */ = {isa = PBXBuildFile; fileRef = 075300CC23A7AE390048D633 /* 방금그곡_17683_Lv2.cpp */; };
		0753017E23A7AE390048D633 /* JadenCase문자열만들기_12951_Lv2.cpp in Sources */ = {isa = PBXBuildFile; fileRef = 075300CD23A7AE390048D633 /* JadenCase문자열만들기_12951_Lv2.cpp */; };
		0753017F23A7AE390048D633 /* 캐시_17680_Kakao_Lv2.cpp in Sources */ = {isa = PBXBuildFile; fileRef = 075300CE23A7AE390048D633 /* 캐시_17680_Kakao_Lv2.cpp */; };
		0753018023A7AE390048D633 /* 문자열압축_60057_Kakao_Lv2.cpp in Sources */ = {isa = PBXBuildFile; fileRef = 075300CF23A7AE390048D633 /* 문자열압축_60057_Kakao_Lv2.cpp */; };
		0753018123A7AE390048D633 /* 소수찾기_42839_Lv2.cpp in Sources */ = {isa = PBXBuildFile; fileRef = 075300D123A7AE390048D633 /* 소수찾기_42839_Lv2.cpp */; };
		0753018223A7AE390048D633 /* 카펫_Lv2.swift in Sources */ = {isa = PBXBuildFile; fileRef = 075300D223A7AE390048D633 /* 카펫_Lv2.swift */; };
		0753018323A7AE390048D633 /* 스킬트리_49993_Lv2.cpp in Sources */ = {isa = PBXBuildFile; fileRef = 075300D323A7AE390048D633 /* 스킬트리_49993_Lv2.cpp */; };
		0753018423A7AE390048D633 /* 입국심사_43238_Lv3.cpp in Sources */ = {isa = PBXBuildFile; fileRef = 075300D423A7AE390048D633 /* 입국심사_43238_Lv3.cpp */; };
		0753018523A7AE390048D633 /* 입국심사_43238_Lv3.swift in Sources */ = {isa = PBXBuildFile; fileRef = 075300D523A7AE390048D633 /* 입국심사_43238_Lv3.swift */; };
		0753018623A7AE390048D633 /* 예산_43237_Lv3.cpp in Sources */ = {isa = PBXBuildFile; fileRef = 075300D623A7AE390048D633 /* 예산_43237_Lv3.cpp */; };
		0753018723A7AE390048D633 /* N-Queen.swift in Sources */ = {isa = PBXBuildFile; fileRef = 075300D723A7AE390048D633 /* N-Queen.swift */; };
		0753018823A7AE390048D633 /* 징검다리_43236_Lv4.cpp in Sources */ = {isa = PBXBuildFile; fileRef = 075300D823A7AE390048D633 /* 징검다리_43236_Lv4.cpp */; };
		0753018923A7AE390048D633 /* 카펫_Lv2.cpp in Sources */ = {isa = PBXBuildFile; fileRef = 075300D923A7AE390048D633 /* 카펫_Lv2.cpp */; };
		0753018A23A7AE390048D633 /* 징검다리_43236_Lv3.cpp in Sources */ = {isa = PBXBuildFile; fileRef = 075300DA23A7AE390048D633 /* 징검다리_43236_Lv3.cpp */; };
		0753018B23A7AE390048D633 /* 후보키_42890_Kakao_Lv2.cpp in Sources */ = {isa = PBXBuildFile; fileRef = 075300DC23A7AE390048D633 /* 후보키_42890_Kakao_Lv2.cpp */; };
		0753018C23A7AE390048D633 /* 방문길이_49994_Lv3.swift in Sources */ = {isa = PBXBuildFile; fileRef = 075300DD23A7AE390048D633 /* 방문길이_49994_Lv3.swift */; };
		0753018D23A7AE390048D633 /* 전화번호 목록.cpp in Sources */ = {isa = PBXBuildFile; fileRef = 075300DE23A7AE390048D633 /* 전화번호 목록.cpp */; };
		0753018E23A7AE390048D633 /* 위장.cpp in Sources */ = {isa = PBXBuildFile; fileRef = 075300DF23A7AE390048D633 /* 위장.cpp */; };
		0753018F23A7AE390048D633 /* 최고의집합_12938_Lv3.cpp in Sources */ = {isa = PBXBuildFile; fileRef = 075300E023A7AE390048D633 /* 최고의집합_12938_Lv3.cpp */; };
		0753019023A7AE390048D633 /* 오픈채팅방_Lv5.cpp in Sources */ = {isa = PBXBuildFile; fileRef = 075300E123A7AE390048D633 /* 오픈채팅방_Lv5.cpp */; };
		0753019123A7AE390048D633 /* 압축_17684_Kakao_Lv2.cpp in Sources */ = {isa = PBXBuildFile; fileRef = 075300E223A7AE390048D633 /* 압축_17684_Kakao_Lv2.cpp */; };
		0753019223A7AE390048D633 /* 완주하지 못한 선수.cpp in Sources */ = {isa = PBXBuildFile; fileRef = 075300E323A7AE390048D633 /* 완주하지 못한 선수.cpp */; };
		0753019323A7AE390048D633 /* 베스트앨범.cpp in Sources */ = {isa = PBXBuildFile; fileRef = 075300E423A7AE390048D633 /* 베스트앨범.cpp */; };
		0753019423A7AE390048D633 /* 저울_Lv3.cpp in Sources */ = {isa = PBXBuildFile; fileRef = 075300E623A7AE390048D633 /* 저울_Lv3.cpp */; };
		0753019523A7AE390048D633 /* 섬연결하기_42861_Lv3.cpp in Sources */ = {isa = PBXBuildFile; fileRef = 075300E723A7AE390048D633 /* 섬연결하기_42861_Lv3.cpp */; };
		0753019623A7AE390048D633 /* 기지국설치_Lv3.cpp in Sources */ = {isa = PBXBuildFile; fileRef = 075300E823A7AE390048D633 /* 기지국설치_Lv3.cpp */; };
		0753019723A7AE390048D633 /* 단속카메라_42884.cpp in Sources */ = {isa = PBXBuildFile; fileRef = 075300E923A7AE390048D633 /* 단속카메라_42884.cpp */; };
		0753019823A7AE390048D633 /* (N)조이스틱.cpp in Sources */ = {isa = PBXBuildFile; fileRef = 075300EA23A7AE390048D633 /* (N)조이스틱.cpp */; };
		0753019923A7AE390048D633 /* 숫자게임_12987_Lv3.cpp in Sources */ = {isa = PBXBuildFile; fileRef = 075300EB23A7AE390048D633 /* 숫자게임_12987_Lv3.cpp */; };
		0753019A23A7AE390048D633 /* 구명보트_Lv2.cpp in Sources */ = {isa = PBXBuildFile; fileRef = 075300EC23A7AE390048D633 /* 구명보트_Lv2.cpp */; };
		0753019B23A7AE390048D633 /* 스킬트리_Lv2.cpp in Sources */ = {isa = PBXBuildFile; fileRef = 075300ED23A7AE390048D633 /* 스킬트리_Lv2.cpp */; };
		0753019C23A7AE390048D633 /* 기지국설치_Lv3.swift in Sources */ = {isa = PBXBuildFile; fileRef = 075300EE23A7AE390048D633 /* 기지국설치_Lv3.swift */; };
		0753019D23A7AE390048D633 /* 조이스틱_42860_Old.cpp in Sources */ = {isa = PBXBuildFile; fileRef = 075300EF23A7AE390048D633 /* 조이스틱_42860_Old.cpp */; };
		0753019E23A7AE390048D633 /* 큰 수 만들기.cpp in Sources */ = {isa = PBXBuildFile; fileRef = 075300F023A7AE390048D633 /* 큰 수 만들기.cpp */; };
		0753019F23A7AE390048D633 /* 프렌츠4블록_Lv2.cpp in Sources */ = {isa = PBXBuildFile; fileRef = 075300F123A7AE390048D633 /* 프렌츠4블록_Lv2.cpp */; };
		075301A023A7AE390048D633 /* H-Index.cpp in Sources */ = {isa = PBXBuildFile; fileRef = 075300F323A7AE390048D633 /* H-Index.cpp */; };
		075301A123A7AE390048D633 /* 가장큰수_42746_Lv2.cpp in Sources */ = {isa = PBXBuildFile; fileRef = 075300F423A7AE390048D633 /* 가장큰수_42746_Lv2.cpp */; };
		075301A223A7AE390048D633 /* 가장큰수_42746_Lv2.swift in Sources */ = {isa = PBXBuildFile; fileRef = 075300F523A7AE390048D633 /* 가장큰수_42746_Lv2.swift */; };
		075301A323A7AE390048D633 /* K번째수_42748_Lv2.cpp in Sources */ = {isa = PBXBuildFile; fileRef = 075300F623A7AE390048D633 /* K번째수_42748_Lv2.cpp */; };
		075301A423A7AE390048D633 /* n진수게임_Kakao_Lv2.cpp in Sources */ = {isa = PBXBuildFile; fileRef = 075300F823A7AE390048D633 /* n진수게임_Kakao_Lv2.cpp */; };
		075301A523A7AE390048D633 /* 숫자의표현_Lv2.cpp in Sources */ = {isa = PBXBuildFile; fileRef = 075300F923A7AE390048D633 /* 숫자의표현_Lv2.cpp */; };
		075301A623A7AE390048D633 /* 점프와순간이동_12980_Lv2.swift in Sources */ = {isa = PBXBuildFile; fileRef = 075300FA23A7AE390048D633 /* 점프와순간이동_12980_Lv2.swift */; };
		075301A723A7AE390048D633 /* 멀쩡한사각형_62048_Lv2.swift in Sources */ = {isa = PBXBuildFile; fileRef = 075300FB23A7AE390048D633 /* 멀쩡한사각형_62048_Lv2.swift */; };
		075301A823A7AE390048D633 /* N개의최소공배수_Lv2.cpp in Sources */ = {isa = PBXBuildFile; fileRef = 075300FC23A7AE390048D633 /* N개의최소공배수_Lv2.cpp */; };
		075301A923A7AE390048D633 /* 멀쩡한사각형.cpp in Sources */ = {isa = PBXBuildFile; fileRef = 075300FD23A7AE390048D633 /* 멀쩡한사각형.cpp */; };
		075301AA23A7AE390048D633 /* 소수만들기_Lv2.cpp in Sources */ = {isa = PBXBuildFile; fileRef = 075300FE23A7AE390048D633 /* 소수만들기_Lv2.cpp */; };
		075301AB23A7AE390048D633 /* 종이접기_62049_Lv3.cpp in Sources */ = {isa = PBXBuildFile; fileRef = 075300FF23A7AE390048D633 /* 종이접기_62049_Lv3.cpp */; };
		075301AC23A7AE390048D633 /* 점프와순간이동_12980_Lv2.cpp in Sources */ = {isa = PBXBuildFile; fileRef = 0753010023A7AE390048D633 /* 점프와순간이동_12980_Lv2.cpp */; };
		075301AD23A7AE390048D633 /* 소수만들기_Lv2.swift in Sources */ = {isa = PBXBuildFile; fileRef = 0753010123A7AE390048D633 /* 소수만들기_Lv2.swift */; };
		075301AE23A7AE390048D633 /* 소수찾기_Lv2.cpp in Sources */ = {isa = PBXBuildFile; fileRef = 0753010223A7AE390048D633 /* 소수찾기_Lv2.cpp */; };
		075301AF23A7AE390048D633 /* 소수찾기_42839_Lv2.swift in Sources */ = {isa = PBXBuildFile; fileRef = 0753010323A7AE390048D633 /* 소수찾기_42839_Lv2.swift */; };
		075301B023A7AE390048D633 /* 최대공약수와최소공배수_12940_Lv1.swift in Sources */ = {isa = PBXBuildFile; fileRef = 0753010423A7AE390048D633 /* 최대공약수와최소공배수_12940_Lv1.swift */; };
		075301B123A7AE390048D633 /* N개의최소공배수_Lv2.swift in Sources */ = {isa = PBXBuildFile; fileRef = 0753010523A7AE390048D633 /* N개의최소공배수_Lv2.swift */; };
		075301B223A7AE390048D633 /* N으로표현_42895_Lv3.cpp in Sources */ = {isa = PBXBuildFile; fileRef = 0753010723A7AE390048D633 /* N으로표현_42895_Lv3.cpp */; };
		075301B323A7AE390048D633 /* 타겟넘버DP_43165_Lv2.cpp in Sources */ = {isa = PBXBuildFile; fileRef = 0753010823A7AE390048D633 /* 타겟넘버DP_43165_Lv2.cpp */; };
		075301B423A7AE390048D633 /* 3xN타일링.cpp in Sources */ = {isa = PBXBuildFile; fileRef = 0753010923A7AE390048D633 /* 3xN타일링.cpp */; };
		075301B523A7AE390048D633 /* 괄호변환_Lv2.cpp in Sources */ = {isa = PBXBuildFile; fileRef = 0753010B23A7AE390048D633 /* 괄호변환_Lv2.cpp */; };
		075301B623A7AE390048D633 /* 도둑질_42897_Lv4.cpp in Sources */ = {isa = PBXBuildFile; fileRef = 0753010C23A7AE390048D633 /* 도둑질_42897_Lv4.cpp */; };
		075301B723A7AE390048D633 /* 정수삼각형_43105_Lv3.cpp in Sources */ = {isa = PBXBuildFile; fileRef = 0753010D23A7AE390048D633 /* 정수삼각형_43105_Lv3.cpp */; };
		075301B823A7AE390048D633 /* 멀리뛰기_12914_Lv3.swift in Sources */ = {isa = PBXBuildFile; fileRef = 0753010E23A7AE390048D633 /* 멀리뛰기_12914_Lv3.swift */; };
		075301B923A7AE390048D633 /* 가장큰정사각형찾기_Lv2.cpp in Sources */ = {isa = PBXBuildFile; fileRef = 0753010F23A7AE390048D633 /* 가장큰정사각형찾기_Lv2.cpp */; };
		075301BA23A7AE390048D633 /* 멀리뛰기_12914_Lv3.cpp in Sources */ = {isa = PBXBuildFile; fileRef = 0753011023A7AE390048D633 /* 멀리뛰기_12914_Lv3.cpp */; };
		075301BB23A7AE390048D633 /* 거스름돈_12907_Lv3.cpp in Sources */ = {isa = PBXBuildFile; fileRef = 0753011123A7AE390048D633 /* 거스름돈_12907_Lv3.cpp */; };
		075301BC23A7AE390048D633 /* 타일장식물_43104_Lv3.cpp in Sources */ = {isa = PBXBuildFile; fileRef = 0753011223A7AE390048D633 /* 타일장식물_43104_Lv3.cpp */; };
		075301BD23A7AE390048D633 /* n등굣길_42898_Lv3.cpp in Sources */ = {isa = PBXBuildFile; fileRef = 0753011323A7AE390048D633 /* n등굣길_42898_Lv3.cpp */; };
		075301BE23A7AE390048D633 /* 2xN타일링_12900_Lv3.cpp in Sources */ = {isa = PBXBuildFile; fileRef = 0753011423A7AE390048D633 /* 2xN타일링_12900_Lv3.cpp */; };
		075301BF23A7AE390048D633 /* 탑_42588_Lv2.cpp in Sources */ = {isa = PBXBuildFile; fileRef = 0753011623A7AE390048D633 /* 탑_42588_Lv2.cpp */; };
		075301C023A7AE390048D633 /* 짝지어제거하기_Lv2.cpp in Sources */ = {isa = PBXBuildFile; fileRef = 0753011723A7AE390048D633 /* 짝지어제거하기_Lv2.cpp */; };
		075301C123A7AE390048D633 /* 쇠막대기_42585_Lv2.cpp in Sources */ = {isa = PBXBuildFile; fileRef = 0753011823A7AE390048D633 /* 쇠막대기_42585_Lv2.cpp */; };
		075301C223A7AE390048D633 /* 올바른괄호의갯수_Lv4.cpp in Sources */ = {isa = PBXBuildFile; fileRef = 0753011923A7AE390048D633 /* 올바른괄호의갯수_Lv4.cpp */; };
		075301C323A7AE390048D633 /* 기능개발_42586.cpp in Sources */ = {isa = PBXBuildFile; fileRef = 0753011A23A7AE390048D633 /* 기능개발_42586.cpp */; };
		075301C423A7AE390048D633 /* 다리를지나는트럭_42583.swift in Sources */ = {isa = PBXBuildFile; fileRef = 0753011B23A7AE390048D633 /* 다리를지나는트럭_42583.swift */; };
		075301C523A7AE390048D633 /* 다리를지나는트럭_42583.cpp in Sources */ = {isa = PBXBuildFile; fileRef = 0753011C23A7AE390048D633 /* 다리를지나는트럭_42583.cpp */; };
		075301C623A7AE390048D633 /* 탑_42588_Lv2.swift in Sources */ = {isa = PBXBuildFile; fileRef = 0753011D23A7AE390048D633 /* 탑_42588_Lv2.swift */; };
		075301C723A7AE390048D633 /* 주식가격_42584_Lv2.cpp in Sources */ = {isa = PBXBuildFile; fileRef = 0753011E23A7AE390048D633 /* 주식가격_42584_Lv2.cpp */; };
		075301C823A7AE390048D633 /* 쇠막대기_Lv2.swift in Sources */ = {isa = PBXBuildFile; fileRef = 0753011F23A7AE390048D633 /* 쇠막대기_Lv2.swift */; };
		075301C923A7AE390048D633 /* (N)더맵게.swift in Sources */ = {isa = PBXBuildFile; fileRef = 0753012123A7AE390048D633 /* (N)더맵게.swift */; };
		075301CA23A7AE390048D633 /* HeapStructure.swift in Sources */ = {isa = PBXBuildFile; fileRef = 0753012223A7AE390048D633 /* HeapStructure.swift */; };
		075301CB23A7AE390048D633 /* 프린터.swift in Sources */ = {isa = PBXBuildFile; fileRef = 0753012323A7AE390048D633 /* 프린터.swift */; };
		075301CC23A7AE390048D633 /* 더맵게.cpp in Sources */ = {isa = PBXBuildFile; fileRef = 0753012423A7AE390048D633 /* 더맵게.cpp */; };
		075301CD23A7AE390048D633 /* 라면공장_Lv2.cpp in Sources */ = {isa = PBXBuildFile; fileRef = 0753012523A7AE390048D633 /* 라면공장_Lv2.cpp */; };
		075301CE23A7AE390048D633 /* 디스크컨트롤러_Lv3.cpp in Sources */ = {isa = PBXBuildFile; fileRef = 0753012623A7AE390048D633 /* 디스크컨트롤러_Lv3.cpp */; };
		075301CF23A7AE390048D633 /* 프린터.cpp in Sources */ = {isa = PBXBuildFile; fileRef = 0753012723A7AE390048D633 /* 프린터.cpp */; };
		075301D023A7AE390048D633 /* 짝지어제거하기_Lv2.swift in Sources */ = {isa = PBXBuildFile; fileRef = 0753012823A7AE390048D633 /* 짝지어제거하기_Lv2.swift */; };
		075301D123A7AE390048D633 /* 배달_12978_Lv3.cpp in Sources */ = {isa = PBXBuildFile; fileRef = 0753012A23A7AE390048D633 /* 배달_12978_Lv3.cpp */; };
		075301D223A7AE390048D633 /* 섬연결하기_Lv3.swift in Sources */ = {isa = PBXBuildFile; fileRef = 0753012C23A7AE390048D633 /* 섬연결하기_Lv3.swift */; };
		075301D323A7AE390048D633 /* 네트워크_Lv3.swift in Sources */ = {isa = PBXBuildFile; fileRef = 0753012E23A7AE390048D633 /* 네트워크_Lv3.swift */; };
		075301D423A7AE390048D633 /* 여행경로_43164_Lv3.cpp in Sources */ = {isa = PBXBuildFile; fileRef = 0753012F23A7AE390048D633 /* 여행경로_43164_Lv3.cpp */; };
		075301D523A7AE390048D633 /* 가장 먼 노드.cpp in Sources */ = {isa = PBXBuildFile; fileRef = 0753013023A7AE390048D633 /* 가장 먼 노드.cpp */; };
		075301D623A7AE390048D633 /* 네트워크_Lv3.cpp in Sources */ = {isa = PBXBuildFile; fileRef = 0753013123A7AE390048D633 /* 네트워크_Lv3.cpp */; };
		075301D723A7AE390048D633 /* 여행경로_43164_Lv3.swift in Sources */ = {isa = PBXBuildFile; fileRef = 0753013223A7AE390048D633 /* 여행경로_43164_Lv3.swift */; };
		075301D823A7AE390048D633 /* 타겟넘버_43165_Lv2.cpp in Sources */ = {isa = PBXBuildFile; fileRef = 0753013323A7AE390048D633 /* 타겟넘버_43165_Lv2.cpp */; };
		075301D923A7AE390048D633 /* 하노이의탑_12946_Lv3.cpp in Sources */ = {isa = PBXBuildFile; fileRef = 0753013423A7AE390048D633 /* 하노이의탑_12946_Lv3.cpp */; };
		075301DA23A7AE390048D633 /* N-Queen_12952_Lv3.cpp in Sources */ = {isa = PBXBuildFile; fileRef = 0753013523A7AE390048D633 /* N-Queen_12952_Lv3.cpp */; };
		075301DB23A7AE390048D633 /* 사이클제거_49188_Lv4.cpp in Sources */ = {isa = PBXBuildFile; fileRef = 0753013623A7AE390048D633 /* 사이클제거_49188_Lv4.cpp */; };
		075301DC23A7AE390048D633 /* 단어변환_43163.cpp in Sources */ = {isa = PBXBuildFile; fileRef = 0753013823A7AE390048D633 /* 단어변환_43163.cpp */; };
		075301DD23A7AE390048D633 /* 순위.cpp in Sources */ = {isa = PBXBuildFile; fileRef = 0753013923A7AE390048D633 /* 순위.cpp */; };
		075301DE23A7AE390048D633 /* 카카오프렌즈컬러링북_Lv3.cpp in Sources */ = {isa = PBXBuildFile; fileRef = 0753013A23A7AE390048D633 /* 카카오프렌즈컬러링북_Lv3.cpp */; };
		075301DF23A7AE390048D633 /* 가장먼노드_49189_Lv3.cpp in Sources */ = {isa = PBXBuildFile; fileRef = 0753013B23A7AE390048D633 /* 가장먼노드_49189_Lv3.cpp */; };
		075301E023A7AE390048D633 /* 후보키_42890_Kakao_Lv2.cpp in Sources */ = {isa = PBXBuildFile; fileRef = 0753013D23A7AE390048D633 /* 후보키_42890_Kakao_Lv2.cpp */; };
		075301E123A7AE390048D633 /* 다트게임_17682_Kakao_Lv1.cpp in Sources */ = {isa = PBXBuildFile; fileRef = 0753013E23A7AE390048D633 /* 다트게임_17682_Kakao_Lv1.cpp */; };
		075301E223A7AE390048D633 /* 카카오프렌즈컬러링북_Kakao_Lv3.cpp in Sources */ = {isa = PBXBuildFile; fileRef = 0753013F23A7AE390048D633 /* 카카오프렌즈컬러링북_Kakao_Lv3.cpp */; };
		075301E323A7AE390048D633 /* 비밀지도_17681_Kakao_Lv1.cpp in Sources */ = {isa = PBXBuildFile; fileRef = 0753014023A7AE390048D633 /* 비밀지도_17681_Kakao_Lv1.cpp */; };
		075301E423A7AE390048D633 /* TESTMAN.cpp in Sources */ = {isa = PBXBuildFile; fileRef = 0753014123A7AE390048D633 /* TESTMAN.cpp */; };
		075301E523A7AE390048D633 /* 폰켓몬_Lv2.cpp in Sources */ = {isa = PBXBuildFile; fileRef = 0753014323A7AE390048D633 /* 폰켓몬_Lv2.cpp */; };
/* End PBXBuildFile section */

/* Begin PBXCopyFilesBuildPhase section */
		075030A0234DC31B00B42981 /* CopyFiles */ = {
			isa = PBXCopyFilesBuildPhase;
			buildActionMask = 2147483647;
			dstPath = /usr/share/man/man1/;
			dstSubfolderSpec = 0;
			files = (
			);
			runOnlyForDeploymentPostprocessing = 1;
		};
/* End PBXCopyFilesBuildPhase section */

/* Begin PBXFileReference section */
		0753009A23A7AE380048D633 /* 모의고사.cpp */ = {isa = PBXFileReference; fileEncoding = 4; lastKnownFileType = sourcecode.cpp.cpp; path = "모의고사.cpp"; sourceTree = "<group>"; };
		0753009B23A7AE380048D633 /* 완주하지못한선수.cpp */ = {isa = PBXFileReference; fileEncoding = 4; lastKnownFileType = sourcecode.cpp.cpp; path = "완주하지못한선수.cpp"; sourceTree = "<group>"; };
		0753009C23A7AE380048D633 /* 문자열 내 p와 y의 개수.swift */ = {isa = PBXFileReference; fileEncoding = 4; lastKnownFileType = sourcecode.swift; path = "문자열 내 p와 y의 개수.swift"; sourceTree = "<group>"; };
		0753009D23A7AE380048D633 /* 약수의합.swift */ = {isa = PBXFileReference; fileEncoding = 4; lastKnownFileType = sourcecode.swift; path = "약수의합.swift"; sourceTree = "<group>"; };
		0753009E23A7AE380048D633 /* 체육복.cpp */ = {isa = PBXFileReference; fileEncoding = 4; lastKnownFileType = sourcecode.cpp.cpp; path = "체육복.cpp"; sourceTree = "<group>"; };
		0753009F23A7AE380048D633 /* 정수내림차순으로배치하기_12933_Lv1.swift */ = {isa = PBXFileReference; fileEncoding = 4; lastKnownFileType = sourcecode.swift; path = "정수내림차순으로배치하기_12933_Lv1.swift"; sourceTree = "<group>"; };
		075300A023A7AE380048D633 /* K번째수.swift */ = {isa = PBXFileReference; fileEncoding = 4; lastKnownFileType = sourcecode.swift; path = "K번째수.swift"; sourceTree = "<group>"; };
		075300A123A7AE380048D633 /* 소수찾기_Lv1.swift */ = {isa = PBXFileReference; fileEncoding = 4; lastKnownFileType = sourcecode.swift; path = "소수찾기_Lv1.swift"; sourceTree = "<group>"; };
		075300A223A7AE380048D633 /* 내림차순으로 정렬하기.swift */ = {isa = PBXFileReference; fileEncoding = 4; lastKnownFileType = sourcecode.swift; path = "내림차순으로 정렬하기.swift"; sourceTree = "<group>"; };
		075300A323A7AE380048D633 /* 최소공배수와최대공약수_Lv1.cpp */ = {isa = PBXFileReference; fileEncoding = 4; lastKnownFileType = sourcecode.cpp.cpp; path = "최소공배수와최대공약수_Lv1.cpp"; sourceTree = "<group>"; };
		075300A423A7AE380048D633 /* 최댓값과최솟값_12939.cpp */ = {isa = PBXFileReference; fileEncoding = 4; lastKnownFileType = sourcecode.cpp.cpp; path = "최댓값과최솟값_12939.cpp"; sourceTree = "<group>"; };
		075300A523A7AE380048D633 /* 약수의합.cpp */ = {isa = PBXFileReference; fileEncoding = 4; lastKnownFileType = sourcecode.cpp.cpp; path = "약수의합.cpp"; sourceTree = "<group>"; };
		075300A623A7AE380048D633 /* 시저암호.swift */ = {isa = PBXFileReference; fileEncoding = 4; lastKnownFileType = sourcecode.swift; path = "시저암호.swift"; sourceTree = "<group>"; };
		075300A723A7AE380048D633 /* 가운데글자가져오기.swift */ = {isa = PBXFileReference; fileEncoding = 4; lastKnownFileType = sourcecode.swift; path = "가운데글자가져오기.swift"; sourceTree = "<group>"; };
		075300A823A7AE380048D633 /* 최댓값과최솟값_Lv2.cpp */ = {isa = PBXFileReference; fileEncoding = 4; lastKnownFileType = sourcecode.cpp.cpp; path = "최댓값과최솟값_Lv2.cpp"; sourceTree = "<group>"; };
		075300A923A7AE380048D633 /* 자릿수더하기.swift */ = {isa = PBXFileReference; fileEncoding = 4; lastKnownFileType = sourcecode.swift; path = "자릿수더하기.swift"; sourceTree = "<group>"; };
		075300AA23A7AE380048D633 /* 최소공배수와최대공약수_Lv1.swift */ = {isa = PBXFileReference; fileEncoding = 4; lastKnownFileType = sourcecode.swift; path = "최소공배수와최대공약수_Lv1.swift"; sourceTree = "<group>"; };
		075300AB23A7AE380048D633 /* x만큼간격이있는n개의숫자.swift */ = {isa = PBXFileReference; fileEncoding = 4; lastKnownFileType = sourcecode.swift; path = "x만큼간격이있는n개의숫자.swift"; sourceTree = "<group>"; };
		075300AC23A7AE380048D633 /* 체육복.swift */ = {isa = PBXFileReference; fileEncoding = 4; lastKnownFileType = sourcecode.swift; path = "체육복.swift"; sourceTree = "<group>"; };
		075300AD23A7AE380048D633 /* 문자열 다루기 기본(조건 체크).swift */ = {isa = PBXFileReference; fileEncoding = 4; lastKnownFileType = sourcecode.swift; path = "문자열 다루기 기본(조건 체크).swift"; sourceTree = "<group>"; };
		075300AE23A7AE380048D633 /* 하샤드수.swift */ = {isa = PBXFileReference; fileEncoding = 4; lastKnownFileType = sourcecode.swift; path = "하샤드수.swift"; sourceTree = "<group>"; };
		075300AF23A7AE380048D633 /* 정사각형별찍기_12969_Lv1.swift */ = {isa = PBXFileReference; fileEncoding = 4; lastKnownFileType = sourcecode.swift; path = "정사각형별찍기_12969_Lv1.swift"; sourceTree = "<group>"; };
		075300B023A7AE380048D633 /* 콜라츠추측_12943_Lv1.swift */ = {isa = PBXFileReference; fileEncoding = 4; lastKnownFileType = sourcecode.swift; path = "콜라츠추측_12943_Lv1.swift"; sourceTree = "<group>"; };
		075300B123A7AE380048D633 /* 행렬의덧셈_Lv1.cpp */ = {isa = PBXFileReference; fileEncoding = 4; lastKnownFileType = sourcecode.cpp.cpp; path = "행렬의덧셈_Lv1.cpp"; sourceTree = "<group>"; };
		075300B223A7AE380048D633 /* 문자열을정수로바꾸기.swift */ = {isa = PBXFileReference; fileEncoding = 4; lastKnownFileType = sourcecode.swift; path = "문자열을정수로바꾸기.swift"; sourceTree = "<group>"; };
		075300B323A7AE380048D633 /* 서울에서김서방찾기.swift */ = {isa = PBXFileReference; fileEncoding = 4; lastKnownFileType = sourcecode.swift; path = "서울에서김서방찾기.swift"; sourceTree = "<group>"; };
		075300B423A7AE380048D633 /* 최댓값과최솟값_Lv2.swift */ = {isa = PBXFileReference; fileEncoding = 4; lastKnownFileType = sourcecode.swift; path = "최댓값과최솟값_Lv2.swift"; sourceTree = "<group>"; };
		075300B523A7AE380048D633 /* 자릿수더하기.cpp */ = {isa = PBXFileReference; fileEncoding = 4; lastKnownFileType = sourcecode.cpp.cpp; path = "자릿수더하기.cpp"; sourceTree = "<group>"; };
		075300B623A7AE380048D633 /* 직사각형그리기.cpp */ = {isa = PBXFileReference; fileEncoding = 4; lastKnownFileType = sourcecode.cpp.cpp; path = "직사각형그리기.cpp"; sourceTree = "<group>"; };
		075300B723A7AE380048D633 /* 예산.swift */ = {isa = PBXFileReference; fileEncoding = 4; lastKnownFileType = sourcecode.swift; path = "예산.swift"; sourceTree = "<group>"; };
		075300B823A7AE380048D633 /* K번째수.cpp */ = {isa = PBXFileReference; fileEncoding = 4; lastKnownFileType = sourcecode.cpp.cpp; path = "K번째수.cpp"; sourceTree = "<group>"; };
		075300B923A7AE380048D633 /* 실패율_42889_Kakao_Lv1.cpp */ = {isa = PBXFileReference; fileEncoding = 4; lastKnownFileType = sourcecode.cpp.cpp; path = "실패율_42889_Kakao_Lv1.cpp"; sourceTree = "<group>"; };
		075300BA23A7AE380048D633 /* 행렬의덧셈_Lv1.swift */ = {isa = PBXFileReference; fileEncoding = 4; lastKnownFileType = sourcecode.swift; path = "행렬의덧셈_Lv1.swift"; sourceTree = "<group>"; };
		075300BB23A7AE380048D633 /* 직사각형그리기.swift */ = {isa = PBXFileReference; fileEncoding = 4; lastKnownFileType = sourcecode.swift; path = "직사각형그리기.swift"; sourceTree = "<group>"; };
		075300BC23A7AE380048D633 /* 124나라의숫자.cpp */ = {isa = PBXFileReference; fileEncoding = 4; lastKnownFileType = sourcecode.cpp.cpp; path = "124나라의숫자.cpp"; sourceTree = "<group>"; };
		075300BD23A7AE380048D633 /* 체육복(old).cpp */ = {isa = PBXFileReference; fileEncoding = 4; lastKnownFileType = sourcecode.cpp.cpp; path = "체육복(old).cpp"; sourceTree = "<group>"; };
		075300BE23A7AE380048D633 /* 빠진직사각형점찾기.cpp */ = {isa = PBXFileReference; fileEncoding = 4; lastKnownFileType = sourcecode.cpp.cpp; path = "빠진직사각형점찾기.cpp"; sourceTree = "<group>"; };
		075300BF23A7AE380048D633 /* 모의고사.swift */ = {isa = PBXFileReference; fileEncoding = 4; lastKnownFileType = sourcecode.swift; path = "모의고사.swift"; sourceTree = "<group>"; };
		075300C023A7AE380048D633 /* 두 정수 사이의 합.swift */ = {isa = PBXFileReference; fileEncoding = 4; lastKnownFileType = sourcecode.swift; path = "두 정수 사이의 합.swift"; sourceTree = "<group>"; };
		075300C123A7AE380048D633 /* 문자열_내마음대로_정렬하기.swift */ = {isa = PBXFileReference; fileEncoding = 4; lastKnownFileType = sourcecode.swift; path = "문자열_내마음대로_정렬하기.swift"; sourceTree = "<group>"; };
		075300C323A7AE380048D633 /* 더맵게_42626.cpp */ = {isa = PBXFileReference; fileEncoding = 4; lastKnownFileType = sourcecode.cpp.cpp; path = "더맵게_42626.cpp"; sourceTree = "<group>"; };
		075300C423A7AE380048D633 /* 야근지수_12927_Lv3.cpp */ = {isa = PBXFileReference; fileEncoding = 4; lastKnownFileType = sourcecode.cpp.cpp; path = "야근지수_12927_Lv3.cpp"; sourceTree = "<group>"; };
		075300C523A7AE380048D633 /* 이중우선순위큐_42628_Lv3.cpp */ = {isa = PBXFileReference; fileEncoding = 4; lastKnownFileType = sourcecode.cpp.cpp; path = "이중우선순위큐_42628_Lv3.cpp"; sourceTree = "<group>"; };
		075300C723A7AE390048D633 /* 가장긴팰린드롬_12904_Lv3.swift */ = {isa = PBXFileReference; fileEncoding = 4; lastKnownFileType = sourcecode.swift; path = "가장긴팰린드롬_12904_Lv3.swift"; sourceTree = "<group>"; };
		075300C823A7AE390048D633 /* 단체사진찍기_1835_Kakao_Lv2.cpp */ = {isa = PBXFileReference; fileEncoding = 4; lastKnownFileType = sourcecode.cpp.cpp; path = "단체사진찍기_1835_Kakao_Lv2.cpp"; sourceTree = "<group>"; };
		075300C923A7AE390048D633 /* 가장긴팰린드롬_12904_Lv3.cpp */ = {isa = PBXFileReference; fileEncoding = 4; lastKnownFileType = sourcecode.cpp.cpp; path = "가장긴팰린드롬_12904_Lv3.cpp"; sourceTree = "<group>"; };
		075300CA23A7AE390048D633 /* 뉴스클러스터링_Kakao_Lv2.cpp */ = {isa = PBXFileReference; fileEncoding = 4; lastKnownFileType = sourcecode.cpp.cpp; path = "뉴스클러스터링_Kakao_Lv2.cpp"; sourceTree = "<group>"; };
		075300CB23A7AE390048D633 /* 파일명정렬_17686_Kakao_Lv2.cpp */ = {isa = PBXFileReference; fileEncoding = 4; lastKnownFileType = sourcecode.cpp.cpp; path = "파일명정렬_17686_Kakao_Lv2.cpp"; sourceTree = "<group>"; };
		075300CC23A7AE390048D633 /* 방금그곡_17683_Lv2.cpp */ = {isa = PBXFileReference; fileEncoding = 4; lastKnownFileType = sourcecode.cpp.cpp; path = "방금그곡_17683_Lv2.cpp"; sourceTree = "<group>"; };
		075300CD23A7AE390048D633 /* JadenCase문자열만들기_12951_Lv2.cpp */ = {isa = PBXFileReference; fileEncoding = 4; lastKnownFileType = sourcecode.cpp.cpp; path = "JadenCase문자열만들기_12951_Lv2.cpp"; sourceTree = "<group>"; };
		075300CE23A7AE390048D633 /* 캐시_17680_Kakao_Lv2.cpp */ = {isa = PBXFileReference; fileEncoding = 4; lastKnownFileType = sourcecode.cpp.cpp; path = "캐시_17680_Kakao_Lv2.cpp"; sourceTree = "<group>"; };
		075300CF23A7AE390048D633 /* 문자열압축_60057_Kakao_Lv2.cpp */ = {isa = PBXFileReference; fileEncoding = 4; lastKnownFileType = sourcecode.cpp.cpp; path = "문자열압축_60057_Kakao_Lv2.cpp"; sourceTree = "<group>"; };
		075300D123A7AE390048D633 /* 소수찾기_42839_Lv2.cpp */ = {isa = PBXFileReference; fileEncoding = 4; lastKnownFileType = sourcecode.cpp.cpp; path = "소수찾기_42839_Lv2.cpp"; sourceTree = "<group>"; };
		075300D223A7AE390048D633 /* 카펫_Lv2.swift */ = {isa = PBXFileReference; fileEncoding = 4; lastKnownFileType = sourcecode.swift; path = "카펫_Lv2.swift"; sourceTree = "<group>"; };
		075300D323A7AE390048D633 /* 스킬트리_49993_Lv2.cpp */ = {isa = PBXFileReference; fileEncoding = 4; lastKnownFileType = sourcecode.cpp.cpp; path = "스킬트리_49993_Lv2.cpp"; sourceTree = "<group>"; };
		075300D423A7AE390048D633 /* 입국심사_43238_Lv3.cpp */ = {isa = PBXFileReference; fileEncoding = 4; lastKnownFileType = sourcecode.cpp.cpp; path = "입국심사_43238_Lv3.cpp"; sourceTree = "<group>"; };
		075300D523A7AE390048D633 /* 입국심사_43238_Lv3.swift */ = {isa = PBXFileReference; fileEncoding = 4; lastKnownFileType = sourcecode.swift; path = "입국심사_43238_Lv3.swift"; sourceTree = "<group>"; };
		075300D623A7AE390048D633 /* 예산_43237_Lv3.cpp */ = {isa = PBXFileReference; fileEncoding = 4; lastKnownFileType = sourcecode.cpp.cpp; path = "예산_43237_Lv3.cpp"; sourceTree = "<group>"; };
		075300D723A7AE390048D633 /* N-Queen.swift */ = {isa = PBXFileReference; fileEncoding = 4; lastKnownFileType = sourcecode.swift; path = "N-Queen.swift"; sourceTree = "<group>"; };
		075300D823A7AE390048D633 /* 징검다리_43236_Lv4.cpp */ = {isa = PBXFileReference; fileEncoding = 4; lastKnownFileType = sourcecode.cpp.cpp; path = "징검다리_43236_Lv4.cpp"; sourceTree = "<group>"; };
		075300D923A7AE390048D633 /* 카펫_Lv2.cpp */ = {isa = PBXFileReference; fileEncoding = 4; lastKnownFileType = sourcecode.cpp.cpp; path = "카펫_Lv2.cpp"; sourceTree = "<group>"; };
		075300DA23A7AE390048D633 /* 징검다리_43236_Lv3.cpp */ = {isa = PBXFileReference; fileEncoding = 4; lastKnownFileType = sourcecode.cpp.cpp; path = "징검다리_43236_Lv3.cpp"; sourceTree = "<group>"; };
		075300DC23A7AE390048D633 /* 후보키_42890_Kakao_Lv2.cpp */ = {isa = PBXFileReference; fileEncoding = 4; lastKnownFileType = sourcecode.cpp.cpp; path = "후보키_42890_Kakao_Lv2.cpp"; sourceTree = "<group>"; };
		075300DD23A7AE390048D633 /* 방문길이_49994_Lv3.swift */ = {isa = PBXFileReference; fileEncoding = 4; lastKnownFileType = sourcecode.swift; path = "방문길이_49994_Lv3.swift"; sourceTree = "<group>"; };
		075300DE23A7AE390048D633 /* 전화번호 목록.cpp */ = {isa = PBXFileReference; fileEncoding = 4; lastKnownFileType = sourcecode.cpp.cpp; path = "전화번호 목록.cpp"; sourceTree = "<group>"; };
		075300DF23A7AE390048D633 /* 위장.cpp */ = {isa = PBXFileReference; fileEncoding = 4; lastKnownFileType = sourcecode.cpp.cpp; path = "위장.cpp"; sourceTree = "<group>"; };
		075300E023A7AE390048D633 /* 최고의집합_12938_Lv3.cpp */ = {isa = PBXFileReference; fileEncoding = 4; lastKnownFileType = sourcecode.cpp.cpp; path = "최고의집합_12938_Lv3.cpp"; sourceTree = "<group>"; };
		075300E123A7AE390048D633 /* 오픈채팅방_Lv5.cpp */ = {isa = PBXFileReference; fileEncoding = 4; lastKnownFileType = sourcecode.cpp.cpp; path = "오픈채팅방_Lv5.cpp"; sourceTree = "<group>"; };
		075300E223A7AE390048D633 /* 압축_17684_Kakao_Lv2.cpp */ = {isa = PBXFileReference; fileEncoding = 4; lastKnownFileType = sourcecode.cpp.cpp; path = "압축_17684_Kakao_Lv2.cpp"; sourceTree = "<group>"; };
		075300E323A7AE390048D633 /* 완주하지 못한 선수.cpp */ = {isa = PBXFileReference; fileEncoding = 4; lastKnownFileType = sourcecode.cpp.cpp; path = "완주하지 못한 선수.cpp"; sourceTree = "<group>"; };
		075300E423A7AE390048D633 /* 베스트앨범.cpp */ = {isa = PBXFileReference; fileEncoding = 4; lastKnownFileType = sourcecode.cpp.cpp; path = "베스트앨범.cpp"; sourceTree = "<group>"; };
		075300E623A7AE390048D633 /* 저울_Lv3.cpp */ = {isa = PBXFileReference; fileEncoding = 4; lastKnownFileType = sourcecode.cpp.cpp; path = "저울_Lv3.cpp"; sourceTree = "<group>"; };
		075300E723A7AE390048D633 /* 섬연결하기_42861_Lv3.cpp */ = {isa = PBXFileReference; fileEncoding = 4; lastKnownFileType = sourcecode.cpp.cpp; path = "섬연결하기_42861_Lv3.cpp"; sourceTree = "<group>"; };
		075300E823A7AE390048D633 /* 기지국설치_Lv3.cpp */ = {isa = PBXFileReference; fileEncoding = 4; lastKnownFileType = sourcecode.cpp.cpp; path = "기지국설치_Lv3.cpp"; sourceTree = "<group>"; };
		075300E923A7AE390048D633 /* 단속카메라_42884.cpp */ = {isa = PBXFileReference; fileEncoding = 4; lastKnownFileType = sourcecode.cpp.cpp; path = "단속카메라_42884.cpp"; sourceTree = "<group>"; };
		075300EA23A7AE390048D633 /* (N)조이스틱.cpp */ = {isa = PBXFileReference; fileEncoding = 4; lastKnownFileType = sourcecode.cpp.cpp; path = "(N)조이스틱.cpp"; sourceTree = "<group>"; };
		075300EB23A7AE390048D633 /* 숫자게임_12987_Lv3.cpp */ = {isa = PBXFileReference; fileEncoding = 4; lastKnownFileType = sourcecode.cpp.cpp; path = "숫자게임_12987_Lv3.cpp"; sourceTree = "<group>"; };
		075300EC23A7AE390048D633 /* 구명보트_Lv2.cpp */ = {isa = PBXFileReference; fileEncoding = 4; lastKnownFileType = sourcecode.cpp.cpp; path = "구명보트_Lv2.cpp"; sourceTree = "<group>"; };
		075300ED23A7AE390048D633 /* 스킬트리_Lv2.cpp */ = {isa = PBXFileReference; fileEncoding = 4; lastKnownFileType = sourcecode.cpp.cpp; path = "스킬트리_Lv2.cpp"; sourceTree = "<group>"; };
		075300EE23A7AE390048D633 /* 기지국설치_Lv3.swift */ = {isa = PBXFileReference; fileEncoding = 4; lastKnownFileType = sourcecode.swift; path = "기지국설치_Lv3.swift"; sourceTree = "<group>"; };
		075300EF23A7AE390048D633 /* 조이스틱_42860_Old.cpp */ = {isa = PBXFileReference; fileEncoding = 4; lastKnownFileType = sourcecode.cpp.cpp; path = "조이스틱_42860_Old.cpp"; sourceTree = "<group>"; };
		075300F023A7AE390048D633 /* 큰 수 만들기.cpp */ = {isa = PBXFileReference; fileEncoding = 4; lastKnownFileType = sourcecode.cpp.cpp; path = "큰 수 만들기.cpp"; sourceTree = "<group>"; };
		075300F123A7AE390048D633 /* 프렌츠4블록_Lv2.cpp */ = {isa = PBXFileReference; fileEncoding = 4; lastKnownFileType = sourcecode.cpp.cpp; path = "프렌츠4블록_Lv2.cpp"; sourceTree = "<group>"; };
		075300F323A7AE390048D633 /* H-Index.cpp */ = {isa = PBXFileReference; fileEncoding = 4; lastKnownFileType = sourcecode.cpp.cpp; path = "H-Index.cpp"; sourceTree = "<group>"; };
		075300F423A7AE390048D633 /* 가장큰수_42746_Lv2.cpp */ = {isa = PBXFileReference; fileEncoding = 4; lastKnownFileType = sourcecode.cpp.cpp; path = "가장큰수_42746_Lv2.cpp"; sourceTree = "<group>"; };
		075300F523A7AE390048D633 /* 가장큰수_42746_Lv2.swift */ = {isa = PBXFileReference; fileEncoding = 4; lastKnownFileType = sourcecode.swift; path = "가장큰수_42746_Lv2.swift"; sourceTree = "<group>"; };
		075300F623A7AE390048D633 /* K번째수_42748_Lv2.cpp */ = {isa = PBXFileReference; fileEncoding = 4; lastKnownFileType = sourcecode.cpp.cpp; path = "K번째수_42748_Lv2.cpp"; sourceTree = "<group>"; };
		075300F823A7AE390048D633 /* n진수게임_Kakao_Lv2.cpp */ = {isa = PBXFileReference; fileEncoding = 4; lastKnownFileType = sourcecode.cpp.cpp; path = "n진수게임_Kakao_Lv2.cpp"; sourceTree = "<group>"; };
		075300F923A7AE390048D633 /* 숫자의표현_Lv2.cpp */ = {isa = PBXFileReference; fileEncoding = 4; lastKnownFileType = sourcecode.cpp.cpp; path = "숫자의표현_Lv2.cpp"; sourceTree = "<group>"; };
		075300FA23A7AE390048D633 /* 점프와순간이동_12980_Lv2.swift */ = {isa = PBXFileReference; fileEncoding = 4; lastKnownFileType = sourcecode.swift; path = "점프와순간이동_12980_Lv2.swift"; sourceTree = "<group>"; };
		075300FB23A7AE390048D633 /* 멀쩡한사각형_62048_Lv2.swift */ = {isa = PBXFileReference; fileEncoding = 4; lastKnownFileType = sourcecode.swift; path = "멀쩡한사각형_62048_Lv2.swift"; sourceTree = "<group>"; };
		075300FC23A7AE390048D633 /* N개의최소공배수_Lv2.cpp */ = {isa = PBXFileReference; fileEncoding = 4; lastKnownFileType = sourcecode.cpp.cpp; path = "N개의최소공배수_Lv2.cpp"; sourceTree = "<group>"; };
		075300FD23A7AE390048D633 /* 멀쩡한사각형.cpp */ = {isa = PBXFileReference; fileEncoding = 4; lastKnownFileType = sourcecode.cpp.cpp; path = "멀쩡한사각형.cpp"; sourceTree = "<group>"; };
		075300FE23A7AE390048D633 /* 소수만들기_Lv2.cpp */ = {isa = PBXFileReference; fileEncoding = 4; lastKnownFileType = sourcecode.cpp.cpp; path = "소수만들기_Lv2.cpp"; sourceTree = "<group>"; };
		075300FF23A7AE390048D633 /* 종이접기_62049_Lv3.cpp */ = {isa = PBXFileReference; fileEncoding = 4; lastKnownFileType = sourcecode.cpp.cpp; path = "종이접기_62049_Lv3.cpp"; sourceTree = "<group>"; };
		0753010023A7AE390048D633 /* 점프와순간이동_12980_Lv2.cpp */ = {isa = PBXFileReference; fileEncoding = 4; lastKnownFileType = sourcecode.cpp.cpp; path = "점프와순간이동_12980_Lv2.cpp"; sourceTree = "<group>"; };
		0753010123A7AE390048D633 /* 소수만들기_Lv2.swift */ = {isa = PBXFileReference; fileEncoding = 4; lastKnownFileType = sourcecode.swift; path = "소수만들기_Lv2.swift"; sourceTree = "<group>"; };
		0753010223A7AE390048D633 /* 소수찾기_Lv2.cpp */ = {isa = PBXFileReference; fileEncoding = 4; lastKnownFileType = sourcecode.cpp.cpp; path = "소수찾기_Lv2.cpp"; sourceTree = "<group>"; };
		0753010323A7AE390048D633 /* 소수찾기_42839_Lv2.swift */ = {isa = PBXFileReference; fileEncoding = 4; lastKnownFileType = sourcecode.swift; path = "소수찾기_42839_Lv2.swift"; sourceTree = "<group>"; };
		0753010423A7AE390048D633 /* 최대공약수와최소공배수_12940_Lv1.swift */ = {isa = PBXFileReference; fileEncoding = 4; lastKnownFileType = sourcecode.swift; path = "최대공약수와최소공배수_12940_Lv1.swift"; sourceTree = "<group>"; };
		0753010523A7AE390048D633 /* N개의최소공배수_Lv2.swift */ = {isa = PBXFileReference; fileEncoding = 4; lastKnownFileType = sourcecode.swift; path = "N개의최소공배수_Lv2.swift"; sourceTree = "<group>"; };
		0753010723A7AE390048D633 /* N으로표현_42895_Lv3.cpp */ = {isa = PBXFileReference; fileEncoding = 4; lastKnownFileType = sourcecode.cpp.cpp; path = "N으로표현_42895_Lv3.cpp"; sourceTree = "<group>"; };
		0753010823A7AE390048D633 /* 타겟넘버DP_43165_Lv2.cpp */ = {isa = PBXFileReference; fileEncoding = 4; lastKnownFileType = sourcecode.cpp.cpp; path = "타겟넘버DP_43165_Lv2.cpp"; sourceTree = "<group>"; };
		0753010923A7AE390048D633 /* 3xN타일링.cpp */ = {isa = PBXFileReference; fileEncoding = 4; lastKnownFileType = sourcecode.cpp.cpp; path = "3xN타일링.cpp"; sourceTree = "<group>"; };
		0753010B23A7AE390048D633 /* 괄호변환_Lv2.cpp */ = {isa = PBXFileReference; fileEncoding = 4; lastKnownFileType = sourcecode.cpp.cpp; path = "괄호변환_Lv2.cpp"; sourceTree = "<group>"; };
		0753010C23A7AE390048D633 /* 도둑질_42897_Lv4.cpp */ = {isa = PBXFileReference; fileEncoding = 4; lastKnownFileType = sourcecode.cpp.cpp; path = "도둑질_42897_Lv4.cpp"; sourceTree = "<group>"; };
		0753010D23A7AE390048D633 /* 정수삼각형_43105_Lv3.cpp */ = {isa = PBXFileReference; fileEncoding = 4; lastKnownFileType = sourcecode.cpp.cpp; path = "정수삼각형_43105_Lv3.cpp"; sourceTree = "<group>"; };
		0753010E23A7AE390048D633 /* 멀리뛰기_12914_Lv3.swift */ = {isa = PBXFileReference; fileEncoding = 4; lastKnownFileType = sourcecode.swift; path = "멀리뛰기_12914_Lv3.swift"; sourceTree = "<group>"; };
		0753010F23A7AE390048D633 /* 가장큰정사각형찾기_Lv2.cpp */ = {isa = PBXFileReference; fileEncoding = 4; lastKnownFileType = sourcecode.cpp.cpp; path = "가장큰정사각형찾기_Lv2.cpp"; sourceTree = "<group>"; };
		0753011023A7AE390048D633 /* 멀리뛰기_12914_Lv3.cpp */ = {isa = PBXFileReference; fileEncoding = 4; lastKnownFileType = sourcecode.cpp.cpp; path = "멀리뛰기_12914_Lv3.cpp"; sourceTree = "<group>"; };
		0753011123A7AE390048D633 /* 거스름돈_12907_Lv3.cpp */ = {isa = PBXFileReference; fileEncoding = 4; lastKnownFileType = sourcecode.cpp.cpp; path = "거스름돈_12907_Lv3.cpp"; sourceTree = "<group>"; };
		0753011223A7AE390048D633 /* 타일장식물_43104_Lv3.cpp */ = {isa = PBXFileReference; fileEncoding = 4; lastKnownFileType = sourcecode.cpp.cpp; path = "타일장식물_43104_Lv3.cpp"; sourceTree = "<group>"; };
		0753011323A7AE390048D633 /* n등굣길_42898_Lv3.cpp */ = {isa = PBXFileReference; fileEncoding = 4; lastKnownFileType = sourcecode.cpp.cpp; path = "n등굣길_42898_Lv3.cpp"; sourceTree = "<group>"; };
		0753011423A7AE390048D633 /* 2xN타일링_12900_Lv3.cpp */ = {isa = PBXFileReference; fileEncoding = 4; lastKnownFileType = sourcecode.cpp.cpp; path = "2xN타일링_12900_Lv3.cpp"; sourceTree = "<group>"; };
		0753011623A7AE390048D633 /* 탑_42588_Lv2.cpp */ = {isa = PBXFileReference; fileEncoding = 4; lastKnownFileType = sourcecode.cpp.cpp; path = "탑_42588_Lv2.cpp"; sourceTree = "<group>"; };
		0753011723A7AE390048D633 /* 짝지어제거하기_Lv2.cpp */ = {isa = PBXFileReference; fileEncoding = 4; lastKnownFileType = sourcecode.cpp.cpp; path = "짝지어제거하기_Lv2.cpp"; sourceTree = "<group>"; };
		0753011823A7AE390048D633 /* 쇠막대기_42585_Lv2.cpp */ = {isa = PBXFileReference; fileEncoding = 4; lastKnownFileType = sourcecode.cpp.cpp; path = "쇠막대기_42585_Lv2.cpp"; sourceTree = "<group>"; };
		0753011923A7AE390048D633 /* 올바른괄호의갯수_Lv4.cpp */ = {isa = PBXFileReference; fileEncoding = 4; lastKnownFileType = sourcecode.cpp.cpp; path = "올바른괄호의갯수_Lv4.cpp"; sourceTree = "<group>"; };
		0753011A23A7AE390048D633 /* 기능개발_42586.cpp */ = {isa = PBXFileReference; fileEncoding = 4; lastKnownFileType = sourcecode.cpp.cpp; path = "기능개발_42586.cpp"; sourceTree = "<group>"; };
		0753011B23A7AE390048D633 /* 다리를지나는트럭_42583.swift */ = {isa = PBXFileReference; fileEncoding = 4; lastKnownFileType = sourcecode.swift; path = "다리를지나는트럭_42583.swift"; sourceTree = "<group>"; };
		0753011C23A7AE390048D633 /* 다리를지나는트럭_42583.cpp */ = {isa = PBXFileReference; fileEncoding = 4; lastKnownFileType = sourcecode.cpp.cpp; path = "다리를지나는트럭_42583.cpp"; sourceTree = "<group>"; };
		0753011D23A7AE390048D633 /* 탑_42588_Lv2.swift */ = {isa = PBXFileReference; fileEncoding = 4; lastKnownFileType = sourcecode.swift; path = "탑_42588_Lv2.swift"; sourceTree = "<group>"; };
		0753011E23A7AE390048D633 /* 주식가격_42584_Lv2.cpp */ = {isa = PBXFileReference; fileEncoding = 4; lastKnownFileType = sourcecode.cpp.cpp; path = "주식가격_42584_Lv2.cpp"; sourceTree = "<group>"; };
		0753011F23A7AE390048D633 /* 쇠막대기_Lv2.swift */ = {isa = PBXFileReference; fileEncoding = 4; lastKnownFileType = sourcecode.swift; path = "쇠막대기_Lv2.swift"; sourceTree = "<group>"; };
		0753012123A7AE390048D633 /* (N)더맵게.swift */ = {isa = PBXFileReference; fileEncoding = 4; lastKnownFileType = sourcecode.swift; path = "(N)더맵게.swift"; sourceTree = "<group>"; };
		0753012223A7AE390048D633 /* HeapStructure.swift */ = {isa = PBXFileReference; fileEncoding = 4; lastKnownFileType = sourcecode.swift; path = HeapStructure.swift; sourceTree = "<group>"; };
		0753012323A7AE390048D633 /* 프린터.swift */ = {isa = PBXFileReference; fileEncoding = 4; lastKnownFileType = sourcecode.swift; path = "프린터.swift"; sourceTree = "<group>"; };
		0753012423A7AE390048D633 /* 더맵게.cpp */ = {isa = PBXFileReference; fileEncoding = 4; lastKnownFileType = sourcecode.cpp.cpp; path = "더맵게.cpp"; sourceTree = "<group>"; };
		0753012523A7AE390048D633 /* 라면공장_Lv2.cpp */ = {isa = PBXFileReference; fileEncoding = 4; lastKnownFileType = sourcecode.cpp.cpp; path = "라면공장_Lv2.cpp"; sourceTree = "<group>"; };
		0753012623A7AE390048D633 /* 디스크컨트롤러_Lv3.cpp */ = {isa = PBXFileReference; fileEncoding = 4; lastKnownFileType = sourcecode.cpp.cpp; path = "디스크컨트롤러_Lv3.cpp"; sourceTree = "<group>"; };
		0753012723A7AE390048D633 /* 프린터.cpp */ = {isa = PBXFileReference; fileEncoding = 4; lastKnownFileType = sourcecode.cpp.cpp; path = "프린터.cpp"; sourceTree = "<group>"; };
		0753012823A7AE390048D633 /* 짝지어제거하기_Lv2.swift */ = {isa = PBXFileReference; fileEncoding = 4; lastKnownFileType = sourcecode.swift; path = "짝지어제거하기_Lv2.swift"; sourceTree = "<group>"; };
		0753012A23A7AE390048D633 /* 배달_12978_Lv3.cpp */ = {isa = PBXFileReference; fileEncoding = 4; lastKnownFileType = sourcecode.cpp.cpp; path = "배달_12978_Lv3.cpp"; sourceTree = "<group>"; };
		0753012C23A7AE390048D633 /* 섬연결하기_Lv3.swift */ = {isa = PBXFileReference; fileEncoding = 4; lastKnownFileType = sourcecode.swift; path = "섬연결하기_Lv3.swift"; sourceTree = "<group>"; };
		0753012E23A7AE390048D633 /* 네트워크_Lv3.swift */ = {isa = PBXFileReference; fileEncoding = 4; lastKnownFileType = sourcecode.swift; path = "네트워크_Lv3.swift"; sourceTree = "<group>"; };
		0753012F23A7AE390048D633 /* 여행경로_43164_Lv3.cpp */ = {isa = PBXFileReference; fileEncoding = 4; lastKnownFileType = sourcecode.cpp.cpp; path = "여행경로_43164_Lv3.cpp"; sourceTree = "<group>"; };
		0753013023A7AE390048D633 /* 가장 먼 노드.cpp */ = {isa = PBXFileReference; fileEncoding = 4; lastKnownFileType = sourcecode.cpp.cpp; path = "가장 먼 노드.cpp"; sourceTree = "<group>"; };
		0753013123A7AE390048D633 /* 네트워크_Lv3.cpp */ = {isa = PBXFileReference; fileEncoding = 4; lastKnownFileType = sourcecode.cpp.cpp; path = "네트워크_Lv3.cpp"; sourceTree = "<group>"; };
		0753013223A7AE390048D633 /* 여행경로_43164_Lv3.swift */ = {isa = PBXFileReference; fileEncoding = 4; lastKnownFileType = sourcecode.swift; path = "여행경로_43164_Lv3.swift"; sourceTree = "<group>"; };
		0753013323A7AE390048D633 /* 타겟넘버_43165_Lv2.cpp */ = {isa = PBXFileReference; fileEncoding = 4; lastKnownFileType = sourcecode.cpp.cpp; path = "타겟넘버_43165_Lv2.cpp"; sourceTree = "<group>"; };
		0753013423A7AE390048D633 /* 하노이의탑_12946_Lv3.cpp */ = {isa = PBXFileReference; fileEncoding = 4; lastKnownFileType = sourcecode.cpp.cpp; path = "하노이의탑_12946_Lv3.cpp"; sourceTree = "<group>"; };
		0753013523A7AE390048D633 /* N-Queen_12952_Lv3.cpp */ = {isa = PBXFileReference; fileEncoding = 4; lastKnownFileType = sourcecode.cpp.cpp; path = "N-Queen_12952_Lv3.cpp"; sourceTree = "<group>"; };
		0753013623A7AE390048D633 /* 사이클제거_49188_Lv4.cpp */ = {isa = PBXFileReference; fileEncoding = 4; lastKnownFileType = sourcecode.cpp.cpp; path = "사이클제거_49188_Lv4.cpp"; sourceTree = "<group>"; };
		0753013823A7AE390048D633 /* 단어변환_43163.cpp */ = {isa = PBXFileReference; fileEncoding = 4; lastKnownFileType = sourcecode.cpp.cpp; path = "단어변환_43163.cpp"; sourceTree = "<group>"; };
		0753013923A7AE390048D633 /* 순위.cpp */ = {isa = PBXFileReference; fileEncoding = 4; lastKnownFileType = sourcecode.cpp.cpp; path = "순위.cpp"; sourceTree = "<group>"; };
		0753013A23A7AE390048D633 /* 카카오프렌즈컬러링북_Lv3.cpp */ = {isa = PBXFileReference; fileEncoding = 4; lastKnownFileType = sourcecode.cpp.cpp; path = "카카오프렌즈컬러링북_Lv3.cpp"; sourceTree = "<group>"; };
		0753013B23A7AE390048D633 /* 가장먼노드_49189_Lv3.cpp */ = {isa = PBXFileReference; fileEncoding = 4; lastKnownFileType = sourcecode.cpp.cpp; path = "가장먼노드_49189_Lv3.cpp"; sourceTree = "<group>"; };
		0753013D23A7AE390048D633 /* 후보키_42890_Kakao_Lv2.cpp */ = {isa = PBXFileReference; fileEncoding = 4; lastKnownFileType = sourcecode.cpp.cpp; path = "후보키_42890_Kakao_Lv2.cpp"; sourceTree = "<group>"; };
		0753013E23A7AE390048D633 /* 다트게임_17682_Kakao_Lv1.cpp */ = {isa = PBXFileReference; fileEncoding = 4; lastKnownFileType = sourcecode.cpp.cpp; path = "다트게임_17682_Kakao_Lv1.cpp"; sourceTree = "<group>"; };
		0753013F23A7AE390048D633 /* 카카오프렌즈컬러링북_Kakao_Lv3.cpp */ = {isa = PBXFileReference; fileEncoding = 4; lastKnownFileType = sourcecode.cpp.cpp; path = "카카오프렌즈컬러링북_Kakao_Lv3.cpp"; sourceTree = "<group>"; };
		0753014023A7AE390048D633 /* 비밀지도_17681_Kakao_Lv1.cpp */ = {isa = PBXFileReference; fileEncoding = 4; lastKnownFileType = sourcecode.cpp.cpp; path = "비밀지도_17681_Kakao_Lv1.cpp"; sourceTree = "<group>"; };
		0753014123A7AE390048D633 /* TESTMAN.cpp */ = {isa = PBXFileReference; fileEncoding = 4; lastKnownFileType = sourcecode.cpp.cpp; name = TESTMAN.cpp; path = PGProblemSolving/TESTMAN.cpp; sourceTree = "<group>"; };
		0753014323A7AE390048D633 /* 폰켓몬_Lv2.cpp */ = {isa = PBXFileReference; fileEncoding = 4; lastKnownFileType = sourcecode.cpp.cpp; path = "폰켓몬_Lv2.cpp"; sourceTree = "<group>"; };
		0753014423A7AE390048D633 /* PGProblemSolving-Bridging-Header.h */ = {isa = PBXFileReference; fileEncoding = 4; lastKnownFileType = sourcecode.c.h; name = "PGProblemSolving-Bridging-Header.h"; path = "PGProblemSolving/PGProblemSolving-Bridging-Header.h"; sourceTree = "<group>"; };
		075301ED23A7AFE00048D633 /* PGProblemSolving */ = {isa = PBXFileReference; explicitFileType = "compiled.mach-o.executable"; includeInIndex = 0; path = PGProblemSolving; sourceTree = BUILT_PRODUCTS_DIR; };
/* End PBXFileReference section */

/* Begin PBXFrameworksBuildPhase section */
		0750309F234DC31B00B42981 /* Frameworks */ = {
			isa = PBXFrameworksBuildPhase;
			buildActionMask = 2147483647;
			files = (
			);
			runOnlyForDeploymentPostprocessing = 0;
		};
/* End PBXFrameworksBuildPhase section */

/* Begin PBXGroup section */
		07503099234DC31B00B42981 = {
			isa = PBXGroup;
			children = (
				0753009923A7AE380048D633 /* 기초문제 */,
				0753010623A7AE390048D633 /* DP */,
				0753012923A7AE390048D633 /* Graph */,
				075300E523A7AE390048D633 /* Greedy */,
				075300DB23A7AE390048D633 /* Hash */,
				075300C223A7AE380048D633 /* Heap */,
				0753013C23A7AE390048D633 /* KakaoExam */,
				075300F723A7AE390048D633 /* Mathematics */,
				0753014423A7AE390048D633 /* PGProblemSolving-Bridging-Header.h */,
				075300D023A7AE390048D633 /* Searching */,
				0753014223A7AE390048D633 /* Set */,
				075300F223A7AE390048D633 /* Sorting */,
				0753011523A7AE390048D633 /* Stack,Queue */,
				075300C623A7AE390048D633 /* String */,
				0753014123A7AE390048D633 /* TESTMAN.cpp */,
				075301ED23A7AFE00048D633 /* PGProblemSolving */,
			);
			sourceTree = "<group>";
		};
		0753009923A7AE380048D633 /* 기초문제 */ = {
			isa = PBXGroup;
			children = (
				0753009A23A7AE380048D633 /* 모의고사.cpp */,
				0753009B23A7AE380048D633 /* 완주하지못한선수.cpp */,
				0753009C23A7AE380048D633 /* 문자열 내 p와 y의 개수.swift */,
				0753009D23A7AE380048D633 /* 약수의합.swift */,
				0753009E23A7AE380048D633 /* 체육복.cpp */,
				0753009F23A7AE380048D633 /* 정수내림차순으로배치하기_12933_Lv1.swift */,
				075300A023A7AE380048D633 /* K번째수.swift */,
				075300A123A7AE380048D633 /* 소수찾기_Lv1.swift */,
				075300A223A7AE380048D633 /* 내림차순으로 정렬하기.swift */,
				075300A323A7AE380048D633 /* 최소공배수와최대공약수_Lv1.cpp */,
				075300A423A7AE380048D633 /* 최댓값과최솟값_12939.cpp */,
				075300A523A7AE380048D633 /* 약수의합.cpp */,
				075300A623A7AE380048D633 /* 시저암호.swift */,
				075300A723A7AE380048D633 /* 가운데글자가져오기.swift */,
				075300A823A7AE380048D633 /* 최댓값과최솟값_Lv2.cpp */,
				075300A923A7AE380048D633 /* 자릿수더하기.swift */,
				075300AA23A7AE380048D633 /* 최소공배수와최대공약수_Lv1.swift */,
				075300AB23A7AE380048D633 /* x만큼간격이있는n개의숫자.swift */,
				075300AC23A7AE380048D633 /* 체육복.swift */,
				075300AD23A7AE380048D633 /* 문자열 다루기 기본(조건 체크).swift */,
				075300AE23A7AE380048D633 /* 하샤드수.swift */,
				075300AF23A7AE380048D633 /* 정사각형별찍기_12969_Lv1.swift */,
				075300B023A7AE380048D633 /* 콜라츠추측_12943_Lv1.swift */,
				075300B123A7AE380048D633 /* 행렬의덧셈_Lv1.cpp */,
				075300B223A7AE380048D633 /* 문자열을정수로바꾸기.swift */,
				075300B323A7AE380048D633 /* 서울에서김서방찾기.swift */,
				075300B423A7AE380048D633 /* 최댓값과최솟값_Lv2.swift */,
				075300B523A7AE380048D633 /* 자릿수더하기.cpp */,
				075300B623A7AE380048D633 /* 직사각형그리기.cpp */,
				075300B723A7AE380048D633 /* 예산.swift */,
				075300B823A7AE380048D633 /* K번째수.cpp */,
				075300B923A7AE380048D633 /* 실패율_42889_Kakao_Lv1.cpp */,
				075300BA23A7AE380048D633 /* 행렬의덧셈_Lv1.swift */,
				075300BB23A7AE380048D633 /* 직사각형그리기.swift */,
				075300BC23A7AE380048D633 /* 124나라의숫자.cpp */,
				075300BD23A7AE380048D633 /* 체육복(old).cpp */,
				075300BE23A7AE380048D633 /* 빠진직사각형점찾기.cpp */,
				075300BF23A7AE380048D633 /* 모의고사.swift */,
				075300C023A7AE380048D633 /* 두 정수 사이의 합.swift */,
				075300C123A7AE380048D633 /* 문자열_내마음대로_정렬하기.swift */,
			);
			name = "기초문제";
			path = "PGProblemSolving/기초문제";
			sourceTree = "<group>";
		};
		075300C223A7AE380048D633 /* Heap */ = {
			isa = PBXGroup;
			children = (
				075300C323A7AE380048D633 /* 더맵게_42626.cpp */,
				075300C423A7AE380048D633 /* 야근지수_12927_Lv3.cpp */,
				075300C523A7AE380048D633 /* 이중우선순위큐_42628_Lv3.cpp */,
			);
			name = Heap;
			path = PGProblemSolving/Heap;
			sourceTree = "<group>";
		};
		075300C623A7AE390048D633 /* String */ = {
			isa = PBXGroup;
			children = (
				075300C723A7AE390048D633 /* 가장긴팰린드롬_12904_Lv3.swift */,
				075300C823A7AE390048D633 /* 단체사진찍기_1835_Kakao_Lv2.cpp */,
				075300C923A7AE390048D633 /* 가장긴팰린드롬_12904_Lv3.cpp */,
				075300CA23A7AE390048D633 /* 뉴스클러스터링_Kakao_Lv2.cpp */,
				075300CB23A7AE390048D633 /* 파일명정렬_17686_Kakao_Lv2.cpp */,
				075300CC23A7AE390048D633 /* 방금그곡_17683_Lv2.cpp */,
				075300CD23A7AE390048D633 /* JadenCase문자열만들기_12951_Lv2.cpp */,
				075300CE23A7AE390048D633 /* 캐시_17680_Kakao_Lv2.cpp */,
				075300CF23A7AE390048D633 /* 문자열압축_60057_Kakao_Lv2.cpp */,
			);
			name = String;
			path = PGProblemSolving/String;
			sourceTree = "<group>";
		};
		075300D023A7AE390048D633 /* Searching */ = {
			isa = PBXGroup;
			children = (
				075300D123A7AE390048D633 /* 소수찾기_42839_Lv2.cpp */,
				075300D223A7AE390048D633 /* 카펫_Lv2.swift */,
				075300D323A7AE390048D633 /* 스킬트리_49993_Lv2.cpp */,
				075300D423A7AE390048D633 /* 입국심사_43238_Lv3.cpp */,
				075300D523A7AE390048D633 /* 입국심사_43238_Lv3.swift */,
				075300D623A7AE390048D633 /* 예산_43237_Lv3.cpp */,
				075300D723A7AE390048D633 /* N-Queen.swift */,
				075300D823A7AE390048D633 /* 징검다리_43236_Lv4.cpp */,
				075300D923A7AE390048D633 /* 카펫_Lv2.cpp */,
				075300DA23A7AE390048D633 /* 징검다리_43236_Lv3.cpp */,
			);
			name = Searching;
			path = PGProblemSolving/Searching;
			sourceTree = "<group>";
		};
		075300DB23A7AE390048D633 /* Hash */ = {
			isa = PBXGroup;
			children = (
				075300DC23A7AE390048D633 /* 후보키_42890_Kakao_Lv2.cpp */,
				075300DD23A7AE390048D633 /* 방문길이_49994_Lv3.swift */,
				075300DE23A7AE390048D633 /* 전화번호 목록.cpp */,
				075300DF23A7AE390048D633 /* 위장.cpp */,
				075300E023A7AE390048D633 /* 최고의집합_12938_Lv3.cpp */,
				075300E123A7AE390048D633 /* 오픈채팅방_Lv5.cpp */,
				075300E223A7AE390048D633 /* 압축_17684_Kakao_Lv2.cpp */,
				075300E323A7AE390048D633 /* 완주하지 못한 선수.cpp */,
				075300E423A7AE390048D633 /* 베스트앨범.cpp */,
			);
			name = Hash;
			path = PGProblemSolving/Hash;
			sourceTree = "<group>";
		};
		075300E523A7AE390048D633 /* Greedy */ = {
			isa = PBXGroup;
			children = (
				075300E623A7AE390048D633 /* 저울_Lv3.cpp */,
				075300E723A7AE390048D633 /* 섬연결하기_42861_Lv3.cpp */,
				075300E823A7AE390048D633 /* 기지국설치_Lv3.cpp */,
				075300E923A7AE390048D633 /* 단속카메라_42884.cpp */,
				075300EA23A7AE390048D633 /* (N)조이스틱.cpp */,
				075300EB23A7AE390048D633 /* 숫자게임_12987_Lv3.cpp */,
				075300EC23A7AE390048D633 /* 구명보트_Lv2.cpp */,
				075300ED23A7AE390048D633 /* 스킬트리_Lv2.cpp */,
				075300EE23A7AE390048D633 /* 기지국설치_Lv3.swift */,
				075300EF23A7AE390048D633 /* 조이스틱_42860_Old.cpp */,
				075300F023A7AE390048D633 /* 큰 수 만들기.cpp */,
				075300F123A7AE390048D633 /* 프렌츠4블록_Lv2.cpp */,
			);
			name = Greedy;
			path = PGProblemSolving/Greedy;
			sourceTree = "<group>";
		};
		075300F223A7AE390048D633 /* Sorting */ = {
			isa = PBXGroup;
			children = (
				075300F323A7AE390048D633 /* H-Index.cpp */,
				075300F423A7AE390048D633 /* 가장큰수_42746_Lv2.cpp */,
				075300F523A7AE390048D633 /* 가장큰수_42746_Lv2.swift */,
				075300F623A7AE390048D633 /* K번째수_42748_Lv2.cpp */,
			);
			name = Sorting;
			path = PGProblemSolving/Sorting;
			sourceTree = "<group>";
		};
		075300F723A7AE390048D633 /* Mathematics */ = {
			isa = PBXGroup;
			children = (
				075300F823A7AE390048D633 /* n진수게임_Kakao_Lv2.cpp */,
				075300F923A7AE390048D633 /* 숫자의표현_Lv2.cpp */,
				075300FA23A7AE390048D633 /* 점프와순간이동_12980_Lv2.swift */,
				075300FB23A7AE390048D633 /* 멀쩡한사각형_62048_Lv2.swift */,
				075300FC23A7AE390048D633 /* N개의최소공배수_Lv2.cpp */,
				075300FD23A7AE390048D633 /* 멀쩡한사각형.cpp */,
				075300FE23A7AE390048D633 /* 소수만들기_Lv2.cpp */,
				075300FF23A7AE390048D633 /* 종이접기_62049_Lv3.cpp */,
				0753010023A7AE390048D633 /* 점프와순간이동_12980_Lv2.cpp */,
				0753010123A7AE390048D633 /* 소수만들기_Lv2.swift */,
				0753010223A7AE390048D633 /* 소수찾기_Lv2.cpp */,
				0753010323A7AE390048D633 /* 소수찾기_42839_Lv2.swift */,
				0753010423A7AE390048D633 /* 최대공약수와최소공배수_12940_Lv1.swift */,
				0753010523A7AE390048D633 /* N개의최소공배수_Lv2.swift */,
			);
			name = Mathematics;
			path = PGProblemSolving/Mathematics;
			sourceTree = "<group>";
		};
		0753010623A7AE390048D633 /* DP */ = {
			isa = PBXGroup;
			children = (
				0753010723A7AE390048D633 /* N으로표현_42895_Lv3.cpp */,
				0753010823A7AE390048D633 /* 타겟넘버DP_43165_Lv2.cpp */,
				0753010923A7AE390048D633 /* 3xN타일링.cpp */,
				0753010A23A7AE390048D633 /* Recursive */,
				0753010C23A7AE390048D633 /* 도둑질_42897_Lv4.cpp */,
				0753010D23A7AE390048D633 /* 정수삼각형_43105_Lv3.cpp */,
				0753010E23A7AE390048D633 /* 멀리뛰기_12914_Lv3.swift */,
				0753010F23A7AE390048D633 /* 가장큰정사각형찾기_Lv2.cpp */,
				0753011023A7AE390048D633 /* 멀리뛰기_12914_Lv3.cpp */,
				0753011123A7AE390048D633 /* 거스름돈_12907_Lv3.cpp */,
				0753011223A7AE390048D633 /* 타일장식물_43104_Lv3.cpp */,
				0753011323A7AE390048D633 /* n등굣길_42898_Lv3.cpp */,
				0753011423A7AE390048D633 /* 2xN타일링_12900_Lv3.cpp */,
			);
			name = DP;
			path = PGProblemSolving/DP;
			sourceTree = "<group>";
		};
		0753010A23A7AE390048D633 /* Recursive */ = {
			isa = PBXGroup;
			children = (
				0753010B23A7AE390048D633 /* 괄호변환_Lv2.cpp */,
			);
			path = Recursive;
			sourceTree = "<group>";
		};
		0753011523A7AE390048D633 /* Stack,Queue */ = {
			isa = PBXGroup;
			children = (
				0753011623A7AE390048D633 /* 탑_42588_Lv2.cpp */,
				0753011723A7AE390048D633 /* 짝지어제거하기_Lv2.cpp */,
				0753011823A7AE390048D633 /* 쇠막대기_42585_Lv2.cpp */,
				0753011923A7AE390048D633 /* 올바른괄호의갯수_Lv4.cpp */,
				0753011A23A7AE390048D633 /* 기능개발_42586.cpp */,
				0753011B23A7AE390048D633 /* 다리를지나는트럭_42583.swift */,
				0753011C23A7AE390048D633 /* 다리를지나는트럭_42583.cpp */,
				0753011D23A7AE390048D633 /* 탑_42588_Lv2.swift */,
				0753011E23A7AE390048D633 /* 주식가격_42584_Lv2.cpp */,
				0753011F23A7AE390048D633 /* 쇠막대기_Lv2.swift */,
				0753012023A7AE390048D633 /* Heap */,
				0753012823A7AE390048D633 /* 짝지어제거하기_Lv2.swift */,
			);
			name = "Stack,Queue";
			path = "PGProblemSolving/Stack,Queue";
			sourceTree = "<group>";
		};
		0753012023A7AE390048D633 /* Heap */ = {
			isa = PBXGroup;
			children = (
				0753012123A7AE390048D633 /* (N)더맵게.swift */,
				0753012223A7AE390048D633 /* HeapStructure.swift */,
				0753012323A7AE390048D633 /* 프린터.swift */,
				0753012423A7AE390048D633 /* 더맵게.cpp */,
				0753012523A7AE390048D633 /* 라면공장_Lv2.cpp */,
				0753012623A7AE390048D633 /* 디스크컨트롤러_Lv3.cpp */,
				0753012723A7AE390048D633 /* 프린터.cpp */,
			);
			path = Heap;
			sourceTree = "<group>";
		};
		0753012923A7AE390048D633 /* Graph */ = {
			isa = PBXGroup;
			children = (
				0753012A23A7AE390048D633 /* 배달_12978_Lv3.cpp */,
				0753012B23A7AE390048D633 /* MST */,
				0753012D23A7AE390048D633 /* DFS */,
				0753013623A7AE390048D633 /* 사이클제거_49188_Lv4.cpp */,
				0753013723A7AE390048D633 /* BFS */,
			);
			name = Graph;
			path = PGProblemSolving/Graph;
			sourceTree = "<group>";
		};
		0753012B23A7AE390048D633 /* MST */ = {
			isa = PBXGroup;
			children = (
				0753012C23A7AE390048D633 /* 섬연결하기_Lv3.swift */,
			);
			path = MST;
			sourceTree = "<group>";
		};
		0753012D23A7AE390048D633 /* DFS */ = {
			isa = PBXGroup;
			children = (
				0753012E23A7AE390048D633 /* 네트워크_Lv3.swift */,
				0753012F23A7AE390048D633 /* 여행경로_43164_Lv3.cpp */,
				0753013023A7AE390048D633 /* 가장 먼 노드.cpp */,
				0753013123A7AE390048D633 /* 네트워크_Lv3.cpp */,
				0753013223A7AE390048D633 /* 여행경로_43164_Lv3.swift */,
				0753013323A7AE390048D633 /* 타겟넘버_43165_Lv2.cpp */,
				0753013423A7AE390048D633 /* 하노이의탑_12946_Lv3.cpp */,
				0753013523A7AE390048D633 /* N-Queen_12952_Lv3.cpp */,
			);
			path = DFS;
			sourceTree = "<group>";
		};
		0753013723A7AE390048D633 /* BFS */ = {
			isa = PBXGroup;
			children = (
				0753013823A7AE390048D633 /* 단어변환_43163.cpp */,
				0753013923A7AE390048D633 /* 순위.cpp */,
				0753013A23A7AE390048D633 /* 카카오프렌즈컬러링북_Lv3.cpp */,
				0753013B23A7AE390048D633 /* 가장먼노드_49189_Lv3.cpp */,
			);
			path = BFS;
			sourceTree = "<group>";
		};
		0753013C23A7AE390048D633 /* KakaoExam */ = {
			isa = PBXGroup;
			children = (
				0753013D23A7AE390048D633 /* 후보키_42890_Kakao_Lv2.cpp */,
				0753013E23A7AE390048D633 /* 다트게임_17682_Kakao_Lv1.cpp */,
				0753013F23A7AE390048D633 /* 카카오프렌즈컬러링북_Kakao_Lv3.cpp */,
				0753014023A7AE390048D633 /* 비밀지도_17681_Kakao_Lv1.cpp */,
			);
			name = KakaoExam;
			path = PGProblemSolving/KakaoExam;
			sourceTree = "<group>";
		};
		0753014223A7AE390048D633 /* Set */ = {
			isa = PBXGroup;
			children = (
				0753014323A7AE390048D633 /* 폰켓몬_Lv2.cpp */,
			);
			name = Set;
			path = PGProblemSolving/Set;
			sourceTree = "<group>";
		};
/* End PBXGroup section */

/* Begin PBXNativeTarget section */
		075030A1234DC31B00B42981 /* PGProblemSolving */ = {
			isa = PBXNativeTarget;
			buildConfigurationList = 075030A9234DC31B00B42981 /* Build configuration list for PBXNativeTarget "PGProblemSolving" */;
			buildPhases = (
				0750309E234DC31B00B42981 /* Sources */,
				0750309F234DC31B00B42981 /* Frameworks */,
				075030A0234DC31B00B42981 /* CopyFiles */,
			);
			buildRules = (
			);
			dependencies = (
			);
			name = PGProblemSolving;
			productName = PGProblemSolving;
			productReference = 075301ED23A7AFE00048D633 /* PGProblemSolving */;
			productType = "com.apple.product-type.tool";
		};
/* End PBXNativeTarget section */

/* Begin PBXProject section */
		0750309A234DC31B00B42981 /* Project object */ = {
			isa = PBXProject;
			attributes = {
				LastSwiftUpdateCheck = 1110;
				LastUpgradeCheck = 1120;
				ORGANIZATIONNAME = MinKyeongTae;
				TargetAttributes = {
					075030A1234DC31B00B42981 = {
						CreatedOnToolsVersion = 11.1;
						LastSwiftMigration = 1110;
					};
				};
			};
			buildConfigurationList = 0750309D234DC31B00B42981 /* Build configuration list for PBXProject "PGProblemSolving" */;
			compatibilityVersion = "Xcode 9.3";
			developmentRegion = en;
			hasScannedForEncodings = 0;
			knownRegions = (
				en,
				Base,
			);
			mainGroup = 07503099234DC31B00B42981;
			productRefGroup = 07503099234DC31B00B42981;
			projectDirPath = "";
			projectRoot = "";
			targets = (
				075030A1234DC31B00B42981 /* PGProblemSolving */,
			);
		};
/* End PBXProject section */

/* Begin PBXSourcesBuildPhase section */
		0750309E234DC31B00B42981 /* Sources */ = {
			isa = PBXSourcesBuildPhase;
			buildActionMask = 2147483647;
			files = (
				0753015523A7AE390048D633 /* 내림차순으로 정렬하기.swift in Sources */,
				0753019B23A7AE390048D633 /* 스킬트리_Lv2.cpp in Sources */,
				0753014E23A7AE390048D633 /* 완주하지못한선수.cpp in Sources */,
				0753016923A7AE390048D633 /* 직사각형그리기.cpp in Sources */,
				0753017523A7AE390048D633 /* 더맵게_42626.cpp in Sources */,
				075301DC23A7AE390048D633 /* 단어변환_43163.cpp in Sources */,
				075301E523A7AE390048D633 /* 폰켓몬_Lv2.cpp in Sources */,
				075301A523A7AE390048D633 /* 숫자의표현_Lv2.cpp in Sources */,
				0753015E23A7AE390048D633 /* x만큼간격이있는n개의숫자.swift in Sources */,
				0753017823A7AE390048D633 /* 가장긴팰린드롬_12904_Lv3.swift in Sources */,
				0753018823A7AE390048D633 /* 징검다리_43236_Lv4.cpp in Sources */,
				0753018023A7AE390048D633 /* 문자열압축_60057_Kakao_Lv2.cpp in Sources */,
				075301D523A7AE390048D633 /* 가장 먼 노드.cpp in Sources */,
				0753016423A7AE390048D633 /* 행렬의덧셈_Lv1.cpp in Sources */,
				0753015F23A7AE390048D633 /* 체육복.swift in Sources */,
				075301D823A7AE390048D633 /* 타겟넘버_43165_Lv2.cpp in Sources */,
				075301AD23A7AE390048D633 /* 소수만들기_Lv2.swift in Sources */,
				075301E423A7AE390048D633 /* TESTMAN.cpp in Sources */,
				075301D623A7AE390048D633 /* 네트워크_Lv3.cpp in Sources */,
				0753015923A7AE390048D633 /* 시저암호.swift in Sources */,
				0753016D23A7AE390048D633 /* 행렬의덧셈_Lv1.swift in Sources */,
				0753019123A7AE390048D633 /* 압축_17684_Kakao_Lv2.cpp in Sources */,
				0753015823A7AE390048D633 /* 약수의합.cpp in Sources */,
				0753019D23A7AE390048D633 /* 조이스틱_42860_Old.cpp in Sources */,
				0753015123A7AE390048D633 /* 체육복.cpp in Sources */,
				0753017223A7AE390048D633 /* 모의고사.swift in Sources */,
				0753017D23A7AE390048D633 /* 방금그곡_17683_Lv2.cpp in Sources */,
				075301DD23A7AE390048D633 /* 순위.cpp in Sources */,
				075301BE23A7AE390048D633 /* 2xN타일링_12900_Lv3.cpp in Sources */,
				0753018723A7AE390048D633 /* N-Queen.swift in Sources */,
				0753017C23A7AE390048D633 /* 파일명정렬_17686_Kakao_Lv2.cpp in Sources */,
				0753015423A7AE390048D633 /* 소수찾기_Lv1.swift in Sources */,
				075301B323A7AE390048D633 /* 타겟넘버DP_43165_Lv2.cpp in Sources */,
				0753015C23A7AE390048D633 /* 자릿수더하기.swift in Sources */,
				075301DF23A7AE390048D633 /* 가장먼노드_49189_Lv3.cpp in Sources */,
				075301AE23A7AE390048D633 /* 소수찾기_Lv2.cpp in Sources */,
				075301C523A7AE390048D633 /* 다리를지나는트럭_42583.cpp in Sources */,
				075301A623A7AE390048D633 /* 점프와순간이동_12980_Lv2.swift in Sources */,
				075301D323A7AE390048D633 /* 네트워크_Lv3.swift in Sources */,
				0753016B23A7AE390048D633 /* K번째수.cpp in Sources */,
				0753015723A7AE390048D633 /* 최댓값과최솟값_12939.cpp in Sources */,
				075301B923A7AE390048D633 /* 가장큰정사각형찾기_Lv2.cpp in Sources */,
				075301AB23A7AE390048D633 /* 종이접기_62049_Lv3.cpp in Sources */,
				075301B223A7AE390048D633 /* N으로표현_42895_Lv3.cpp in Sources */,
				075301A423A7AE390048D633 /* n진수게임_Kakao_Lv2.cpp in Sources */,
				075301C723A7AE390048D633 /* 주식가격_42584_Lv2.cpp in Sources */,
				0753018623A7AE390048D633 /* 예산_43237_Lv3.cpp in Sources */,
				0753019523A7AE390048D633 /* 섬연결하기_42861_Lv3.cpp in Sources */,
				075301C423A7AE390048D633 /* 다리를지나는트럭_42583.swift in Sources */,
				0753017A23A7AE390048D633 /* 가장긴팰린드롬_12904_Lv3.cpp in Sources */,
				0753018523A7AE390048D633 /* 입국심사_43238_Lv3.swift in Sources */,
				075301A823A7AE390048D633 /* N개의최소공배수_Lv2.cpp in Sources */,
				0753015A23A7AE390048D633 /* 가운데글자가져오기.swift in Sources */,
				0753016E23A7AE390048D633 /* 직사각형그리기.swift in Sources */,
				0753015323A7AE390048D633 /* K번째수.swift in Sources */,
				075301A923A7AE390048D633 /* 멀쩡한사각형.cpp in Sources */,
				0753019023A7AE390048D633 /* 오픈채팅방_Lv5.cpp in Sources */,
				075301C123A7AE390048D633 /* 쇠막대기_42585_Lv2.cpp in Sources */,
				075301D023A7AE390048D633 /* 짝지어제거하기_Lv2.swift in Sources */,
				0753019723A7AE390048D633 /* 단속카메라_42884.cpp in Sources */,
				0753015B23A7AE390048D633 /* 최댓값과최솟값_Lv2.cpp in Sources */,
				075301CD23A7AE390048D633 /* 라면공장_Lv2.cpp in Sources */,
				0753016223A7AE390048D633 /* 정사각형별찍기_12969_Lv1.swift in Sources */,
				0753019223A7AE390048D633 /* 완주하지 못한 선수.cpp in Sources */,
				0753019923A7AE390048D633 /* 숫자게임_12987_Lv3.cpp in Sources */,
				0753018323A7AE390048D633 /* 스킬트리_49993_Lv2.cpp in Sources */,
				0753018B23A7AE390048D633 /* 후보키_42890_Kakao_Lv2.cpp in Sources */,
				0753016A23A7AE390048D633 /* 예산.swift in Sources */,
				0753018F23A7AE390048D633 /* 최고의집합_12938_Lv3.cpp in Sources */,
				0753018D23A7AE390048D633 /* 전화번호 목록.cpp in Sources */,
				075301D723A7AE390048D633 /* 여행경로_43164_Lv3.swift in Sources */,
				0753019623A7AE390048D633 /* 기지국설치_Lv3.cpp in Sources */,
				0753019E23A7AE390048D633 /* 큰 수 만들기.cpp in Sources */,
				075301CF23A7AE390048D633 /* 프린터.cpp in Sources */,
				075301A023A7AE390048D633 /* H-Index.cpp in Sources */,
				0753018923A7AE390048D633 /* 카펫_Lv2.cpp in Sources */,
				075301DA23A7AE390048D633 /* N-Queen_12952_Lv3.cpp in Sources */,
				075301BA23A7AE390048D633 /* 멀리뛰기_12914_Lv3.cpp in Sources */,
				0753019323A7AE390048D633 /* 베스트앨범.cpp in Sources */,
				075301B823A7AE390048D633 /* 멀리뛰기_12914_Lv3.swift in Sources */,
				075301A223A7AE390048D633 /* 가장큰수_42746_Lv2.swift in Sources */,
				075301BD23A7AE390048D633 /* n등굣길_42898_Lv3.cpp in Sources */,
				0753017623A7AE390048D633 /* 야근지수_12927_Lv3.cpp in Sources */,
				0753018C23A7AE390048D633 /* 방문길이_49994_Lv3.swift in Sources */,
				0753014F23A7AE390048D633 /* 문자열 내 p와 y의 개수.swift in Sources */,
				075301D123A7AE390048D633 /* 배달_12978_Lv3.cpp in Sources */,
				0753017423A7AE390048D633 /* 문자열_내마음대로_정렬하기.swift in Sources */,
				0753019C23A7AE390048D633 /* 기지국설치_Lv3.swift in Sources */,
				075301C023A7AE390048D633 /* 짝지어제거하기_Lv2.cpp in Sources */,
				075301B623A7AE390048D633 /* 도둑질_42897_Lv4.cpp in Sources */,
				075301AC23A7AE390048D633 /* 점프와순간이동_12980_Lv2.cpp in Sources */,
				0753017123A7AE390048D633 /* 빠진직사각형점찾기.cpp in Sources */,
				075301A723A7AE390048D633 /* 멀쩡한사각형_62048_Lv2.swift in Sources */,
				0753016523A7AE390048D633 /* 문자열을정수로바꾸기.swift in Sources */,
				075301C823A7AE390048D633 /* 쇠막대기_Lv2.swift in Sources */,
				075301BF23A7AE390048D633 /* 탑_42588_Lv2.cpp in Sources */,
				075301C323A7AE390048D633 /* 기능개발_42586.cpp in Sources */,
				0753015223A7AE390048D633 /* 정수내림차순으로배치하기_12933_Lv1.swift in Sources */,
				075301B123A7AE390048D633 /* N개의최소공배수_Lv2.swift in Sources */,
				0753016323A7AE390048D633 /* 콜라츠추측_12943_Lv1.swift in Sources */,
				075301CB23A7AE390048D633 /* 프린터.swift in Sources */,
				075301D223A7AE390048D633 /* 섬연결하기_Lv3.swift in Sources */,
				075301B423A7AE390048D633 /* 3xN타일링.cpp in Sources */,
				0753016023A7AE390048D633 /* 문자열 다루기 기본(조건 체크).swift in Sources */,
				0753016723A7AE390048D633 /* 최댓값과최솟값_Lv2.swift in Sources */,
				0753017E23A7AE390048D633 /* JadenCase문자열만들기_12951_Lv2.cpp in Sources */,
				0753019423A7AE390048D633 /* 저울_Lv3.cpp in Sources */,
				0753016123A7AE390048D633 /* 하샤드수.swift in Sources */,
				075301AA23A7AE390048D633 /* 소수만들기_Lv2.cpp in Sources */,
				075301D923A7AE390048D633 /* 하노이의탑_12946_Lv3.cpp in Sources */,
				0753017323A7AE390048D633 /* 두 정수 사이의 합.swift in Sources */,
				0753016823A7AE390048D633 /* 자릿수더하기.cpp in Sources */,
				0753015023A7AE390048D633 /* 약수의합.swift in Sources */,
				075301B523A7AE390048D633 /* 괄호변환_Lv2.cpp in Sources */,
				0753017B23A7AE390048D633 /* 뉴스클러스터링_Kakao_Lv2.cpp in Sources */,
				075301BB23A7AE390048D633 /* 거스름돈_12907_Lv3.cpp in Sources */,
				075301D423A7AE390048D633 /* 여행경로_43164_Lv3.cpp in Sources */,
				0753017723A7AE390048D633 /* 이중우선순위큐_42628_Lv3.cpp in Sources */,
				0753018A23A7AE390048D633 /* 징검다리_43236_Lv3.cpp in Sources */,
				075301C623A7AE390048D633 /* 탑_42588_Lv2.swift in Sources */,
				075301CA23A7AE390048D633 /* HeapStructure.swift in Sources */,
				0753014D23A7AE390048D633 /* 모의고사.cpp in Sources */,
				0753018223A7AE390048D633 /* 카펫_Lv2.swift in Sources */,
				075301CE23A7AE390048D633 /* 디스크컨트롤러_Lv3.cpp in Sources */,
				075301E123A7AE390048D633 /* 다트게임_17682_Kakao_Lv1.cpp in Sources */,
				075301AF23A7AE390048D633 /* 소수찾기_42839_Lv2.swift in Sources */,
				075301CC23A7AE390048D633 /* 더맵게.cpp in Sources */,
				075301E323A7AE390048D633 /* 비밀지도_17681_Kakao_Lv1.cpp in Sources */,
				075301B723A7AE390048D633 /* 정수삼각형_43105_Lv3.cpp in Sources */,
				075301E223A7AE390048D633 /* 카카오프렌즈컬러링북_Kakao_Lv3.cpp in Sources */,
				075301BC23A7AE390048D633 /* 타일장식물_43104_Lv3.cpp in Sources */,
				075301DB23A7AE390048D633 /* 사이클제거_49188_Lv4.cpp in Sources */,
				075301C223A7AE390048D633 /* 올바른괄호의갯수_Lv4.cpp in Sources */,
				0753016623A7AE390048D633 /* 서울에서김서방찾기.swift in Sources */,
				0753017F23A7AE390048D633 /* 캐시_17680_Kakao_Lv2.cpp in Sources */,
				0753017023A7AE390048D633 /* 체육복(old).cpp in Sources */,
				0753016F23A7AE390048D633 /* 124나라의숫자.cpp in Sources */,
				075301C923A7AE390048D633 /* (N)더맵게.swift in Sources */,
				0753019F23A7AE390048D633 /* 프렌츠4블록_Lv2.cpp in Sources */,
				075301B023A7AE390048D633 /* 최대공약수와최소공배수_12940_Lv1.swift in Sources */,
				075301A323A7AE390048D633 /* K번째수_42748_Lv2.cpp in Sources */,
				0753015623A7AE390048D633 /* 최소공배수와최대공약수_Lv1.cpp in Sources */,
				075301DE23A7AE390048D633 /* 카카오프렌즈컬러링북_Lv3.cpp in Sources */,
				0753017923A7AE390048D633 /* 단체사진찍기_1835_Kakao_Lv2.cpp in Sources */,
				0753019823A7AE390048D633 /* (N)조이스틱.cpp in Sources */,
				0753015D23A7AE390048D633 /* 최소공배수와최대공약수_Lv1.swift in Sources */,
				075301A123A7AE390048D633 /* 가장큰수_42746_Lv2.cpp in Sources */,
				0753016C23A7AE390048D633 /* 실패율_42889_Kakao_Lv1.cpp in Sources */,
				0753018423A7AE390048D633 /* 입국심사_43238_Lv3.cpp in Sources */,
				0753018123A7AE390048D633 /* 소수찾기_42839_Lv2.cpp in Sources */,
				0753018E23A7AE390048D633 /* 위장.cpp in Sources */,
				075301E023A7AE390048D633 /* 후보키_42890_Kakao_Lv2.cpp in Sources */,
				0753019A23A7AE390048D633 /* 구명보트_Lv2.cpp in Sources */,
			);
			runOnlyForDeploymentPostprocessing = 0;
		};
/* End PBXSourcesBuildPhase section */

/* Begin XCBuildConfiguration section */
		075030A7234DC31B00B42981 /* Debug */ = {
			isa = XCBuildConfiguration;
			buildSettings = {
				ALWAYS_SEARCH_USER_PATHS = NO;
				CLANG_ANALYZER_NONNULL = YES;
				CLANG_ANALYZER_NUMBER_OBJECT_CONVERSION = YES_AGGRESSIVE;
				CLANG_CXX_LANGUAGE_STANDARD = "gnu++14";
				CLANG_CXX_LIBRARY = "libc++";
				CLANG_ENABLE_MODULES = YES;
				CLANG_ENABLE_OBJC_ARC = YES;
				CLANG_ENABLE_OBJC_WEAK = YES;
				CLANG_WARN_BLOCK_CAPTURE_AUTORELEASING = YES;
				CLANG_WARN_BOOL_CONVERSION = YES;
				CLANG_WARN_COMMA = YES;
				CLANG_WARN_CONSTANT_CONVERSION = YES;
				CLANG_WARN_DEPRECATED_OBJC_IMPLEMENTATIONS = YES;
				CLANG_WARN_DIRECT_OBJC_ISA_USAGE = YES_ERROR;
				CLANG_WARN_DOCUMENTATION_COMMENTS = YES;
				CLANG_WARN_EMPTY_BODY = YES;
				CLANG_WARN_ENUM_CONVERSION = YES;
				CLANG_WARN_INFINITE_RECURSION = YES;
				CLANG_WARN_INT_CONVERSION = YES;
				CLANG_WARN_NON_LITERAL_NULL_CONVERSION = YES;
				CLANG_WARN_OBJC_IMPLICIT_RETAIN_SELF = YES;
				CLANG_WARN_OBJC_LITERAL_CONVERSION = YES;
				CLANG_WARN_OBJC_ROOT_CLASS = YES_ERROR;
				CLANG_WARN_RANGE_LOOP_ANALYSIS = YES;
				CLANG_WARN_STRICT_PROTOTYPES = YES;
				CLANG_WARN_SUSPICIOUS_MOVE = YES;
				CLANG_WARN_UNGUARDED_AVAILABILITY = YES_AGGRESSIVE;
				CLANG_WARN_UNREACHABLE_CODE = YES;
				CLANG_WARN__DUPLICATE_METHOD_MATCH = YES;
				COPY_PHASE_STRIP = NO;
				DEBUG_INFORMATION_FORMAT = dwarf;
				ENABLE_STRICT_OBJC_MSGSEND = YES;
				ENABLE_TESTABILITY = YES;
				GCC_C_LANGUAGE_STANDARD = gnu11;
				GCC_DYNAMIC_NO_PIC = NO;
				GCC_NO_COMMON_BLOCKS = YES;
				GCC_OPTIMIZATION_LEVEL = 0;
				GCC_PREPROCESSOR_DEFINITIONS = (
					"DEBUG=1",
					"$(inherited)",
				);
				GCC_WARN_64_TO_32_BIT_CONVERSION = YES;
				GCC_WARN_ABOUT_RETURN_TYPE = YES_ERROR;
				GCC_WARN_UNDECLARED_SELECTOR = YES;
				GCC_WARN_UNINITIALIZED_AUTOS = YES_AGGRESSIVE;
				GCC_WARN_UNUSED_FUNCTION = YES;
				GCC_WARN_UNUSED_VARIABLE = YES;
				MACOSX_DEPLOYMENT_TARGET = 10.14;
				MTL_ENABLE_DEBUG_INFO = INCLUDE_SOURCE;
				MTL_FAST_MATH = YES;
				ONLY_ACTIVE_ARCH = YES;
				SDKROOT = macosx;
				SWIFT_ACTIVE_COMPILATION_CONDITIONS = DEBUG;
				SWIFT_OPTIMIZATION_LEVEL = "-Onone";
			};
			name = Debug;
		};
		075030A8234DC31B00B42981 /* Release */ = {
			isa = XCBuildConfiguration;
			buildSettings = {
				ALWAYS_SEARCH_USER_PATHS = NO;
				CLANG_ANALYZER_NONNULL = YES;
				CLANG_ANALYZER_NUMBER_OBJECT_CONVERSION = YES_AGGRESSIVE;
				CLANG_CXX_LANGUAGE_STANDARD = "gnu++14";
				CLANG_CXX_LIBRARY = "libc++";
				CLANG_ENABLE_MODULES = YES;
				CLANG_ENABLE_OBJC_ARC = YES;
				CLANG_ENABLE_OBJC_WEAK = YES;
				CLANG_WARN_BLOCK_CAPTURE_AUTORELEASING = YES;
				CLANG_WARN_BOOL_CONVERSION = YES;
				CLANG_WARN_COMMA = YES;
				CLANG_WARN_CONSTANT_CONVERSION = YES;
				CLANG_WARN_DEPRECATED_OBJC_IMPLEMENTATIONS = YES;
				CLANG_WARN_DIRECT_OBJC_ISA_USAGE = YES_ERROR;
				CLANG_WARN_DOCUMENTATION_COMMENTS = YES;
				CLANG_WARN_EMPTY_BODY = YES;
				CLANG_WARN_ENUM_CONVERSION = YES;
				CLANG_WARN_INFINITE_RECURSION = YES;
				CLANG_WARN_INT_CONVERSION = YES;
				CLANG_WARN_NON_LITERAL_NULL_CONVERSION = YES;
				CLANG_WARN_OBJC_IMPLICIT_RETAIN_SELF = YES;
				CLANG_WARN_OBJC_LITERAL_CONVERSION = YES;
				CLANG_WARN_OBJC_ROOT_CLASS = YES_ERROR;
				CLANG_WARN_RANGE_LOOP_ANALYSIS = YES;
				CLANG_WARN_STRICT_PROTOTYPES = YES;
				CLANG_WARN_SUSPICIOUS_MOVE = YES;
				CLANG_WARN_UNGUARDED_AVAILABILITY = YES_AGGRESSIVE;
				CLANG_WARN_UNREACHABLE_CODE = YES;
				CLANG_WARN__DUPLICATE_METHOD_MATCH = YES;
				COPY_PHASE_STRIP = NO;
				DEBUG_INFORMATION_FORMAT = "dwarf-with-dsym";
				ENABLE_NS_ASSERTIONS = NO;
				ENABLE_STRICT_OBJC_MSGSEND = YES;
				GCC_C_LANGUAGE_STANDARD = gnu11;
				GCC_NO_COMMON_BLOCKS = YES;
				GCC_WARN_64_TO_32_BIT_CONVERSION = YES;
				GCC_WARN_ABOUT_RETURN_TYPE = YES_ERROR;
				GCC_WARN_UNDECLARED_SELECTOR = YES;
				GCC_WARN_UNINITIALIZED_AUTOS = YES_AGGRESSIVE;
				GCC_WARN_UNUSED_FUNCTION = YES;
				GCC_WARN_UNUSED_VARIABLE = YES;
				MACOSX_DEPLOYMENT_TARGET = 10.14;
				MTL_ENABLE_DEBUG_INFO = NO;
				MTL_FAST_MATH = YES;
				SDKROOT = macosx;
				SWIFT_COMPILATION_MODE = wholemodule;
				SWIFT_OPTIMIZATION_LEVEL = "-O";
			};
			name = Release;
		};
		075030AA234DC31B00B42981 /* Debug */ = {
			isa = XCBuildConfiguration;
			buildSettings = {
				CLANG_ENABLE_MODULES = YES;
				CODE_SIGN_IDENTITY = "-";
				CODE_SIGN_STYLE = Automatic;
				DEVELOPMENT_TEAM = NF9G85TZ2T;
				ENABLE_HARDENED_RUNTIME = YES;
				LD_RUNPATH_SEARCH_PATHS = (
					"$(inherited)",
					"@executable_path/../Frameworks",
					"@loader_path/../Frameworks",
				);
				PRODUCT_NAME = "$(TARGET_NAME)";
				SWIFT_OBJC_BRIDGING_HEADER = "PGProblemSolving/PGProblemSolving-Bridging-Header.h";
				SWIFT_OPTIMIZATION_LEVEL = "-Onone";
				SWIFT_VERSION = 5.0;
			};
			name = Debug;
		};
		075030AB234DC31B00B42981 /* Release */ = {
			isa = XCBuildConfiguration;
			buildSettings = {
				CLANG_ENABLE_MODULES = YES;
				CODE_SIGN_IDENTITY = "-";
				CODE_SIGN_STYLE = Automatic;
				DEVELOPMENT_TEAM = NF9G85TZ2T;
				ENABLE_HARDENED_RUNTIME = YES;
				LD_RUNPATH_SEARCH_PATHS = (
					"$(inherited)",
					"@executable_path/../Frameworks",
					"@loader_path/../Frameworks",
				);
				PRODUCT_NAME = "$(TARGET_NAME)";
				SWIFT_OBJC_BRIDGING_HEADER = "PGProblemSolving/PGProblemSolving-Bridging-Header.h";
				SWIFT_VERSION = 5.0;
			};
			name = Release;
		};
/* End XCBuildConfiguration section */

/* Begin XCConfigurationList section */
		0750309D234DC31B00B42981 /* Build configuration list for PBXProject "PGProblemSolving" */ = {
			isa = XCConfigurationList;
			buildConfigurations = (
				075030A7234DC31B00B42981 /* Debug */,
				075030A8234DC31B00B42981 /* Release */,
			);
			defaultConfigurationIsVisible = 0;
			defaultConfigurationName = Release;
		};
		075030A9234DC31B00B42981 /* Build configuration list for PBXNativeTarget "PGProblemSolving" */ = {
			isa = XCConfigurationList;
			buildConfigurations = (
				075030AA234DC31B00B42981 /* Debug */,
				075030AB234DC31B00B42981 /* Release */,
			);
			defaultConfigurationIsVisible = 0;
			defaultConfigurationName = Release;
		};
/* End XCConfigurationList section */
	};
	rootObject = 0750309A234DC31B00B42981 /* Project object */;
}
